// !$*UTF8*$!
{
	archiveVersion = 1;
	classes = {
	};
	objectVersion = 50;
	objects = {

/* Begin PBXBuildFile section */
		010E9F2A211A22C7006E0D7E /* RTActivelMeasurerNode.swift in Sources */ = {isa = PBXBuildFile; fileRef = 010E9F29211A22C7006E0D7E /* RTActivelMeasurerNode.swift */; };
		010E9F2C211A289F006E0D7E /* ConfigurationMode.swift in Sources */ = {isa = PBXBuildFile; fileRef = 010E9F2B211A289F006E0D7E /* ConfigurationMode.swift */; };
		010E9F2F211A379B006E0D7E /* CalendarViewController.swift in Sources */ = {isa = PBXBuildFile; fileRef = 010E9F2E211A379B006E0D7E /* CalendarViewController.swift */; };
		010E9F32211A37CE006E0D7E /* CalendarDataSource.swift in Sources */ = {isa = PBXBuildFile; fileRef = 010E9F31211A37CE006E0D7E /* CalendarDataSource.swift */; };
		010E9F34211A37F8006E0D7E /* Date.swift in Sources */ = {isa = PBXBuildFile; fileRef = 010E9F33211A37F8006E0D7E /* Date.swift */; };
		010E9F36211A3813006E0D7E /* CalendarDelegate.swift in Sources */ = {isa = PBXBuildFile; fileRef = 010E9F35211A3813006E0D7E /* CalendarDelegate.swift */; };
		010E9F39211A3840006E0D7E /* ShowDayDetailDelegate.swift in Sources */ = {isa = PBXBuildFile; fileRef = 010E9F38211A3840006E0D7E /* ShowDayDetailDelegate.swift */; };
		010E9F3B211A3A74006E0D7E /* CCTCalendarView.swift in Sources */ = {isa = PBXBuildFile; fileRef = 010E9F3A211A3A74006E0D7E /* CCTCalendarView.swift */; };
		010E9F3D211A3AD5006E0D7E /* CRERate.swift in Sources */ = {isa = PBXBuildFile; fileRef = 010E9F3C211A3AD5006E0D7E /* CRERate.swift */; };
		010E9F41211A3B88006E0D7E /* CalendarNode.swift in Sources */ = {isa = PBXBuildFile; fileRef = 010E9F40211A3B88006E0D7E /* CalendarNode.swift */; };
		010E9F44211A479A006E0D7E /* RegisterLocationViewController.swift in Sources */ = {isa = PBXBuildFile; fileRef = 010E9F43211A479A006E0D7E /* RegisterLocationViewController.swift */; };
		010E9F47211A47E0006E0D7E /* RegisterLocationDelegate.swift in Sources */ = {isa = PBXBuildFile; fileRef = 010E9F46211A47E0006E0D7E /* RegisterLocationDelegate.swift */; };
		010E9F4A211A4880006E0D7E /* RegisterLocationNode.swift in Sources */ = {isa = PBXBuildFile; fileRef = 010E9F49211A4880006E0D7E /* RegisterLocationNode.swift */; };
		010E9F4C211A48D8006E0D7E /* RegisterLocationNodeDelegate.swift in Sources */ = {isa = PBXBuildFile; fileRef = 010E9F4B211A48D8006E0D7E /* RegisterLocationNodeDelegate.swift */; };
		010E9F4E211A4913006E0D7E /* RateForLocationRequestParameters.swift in Sources */ = {isa = PBXBuildFile; fileRef = 010E9F4D211A4913006E0D7E /* RateForLocationRequestParameters.swift */; };
		010E9F50211A492C006E0D7E /* LocationNameNode.swift in Sources */ = {isa = PBXBuildFile; fileRef = 010E9F4F211A492C006E0D7E /* LocationNameNode.swift */; };
		010E9F52211A4969006E0D7E /* LocationInitialConNode.swift in Sources */ = {isa = PBXBuildFile; fileRef = 010E9F51211A4969006E0D7E /* LocationInitialConNode.swift */; };
		010E9F54211A4980006E0D7E /* LocationPeriodNode.swift in Sources */ = {isa = PBXBuildFile; fileRef = 010E9F53211A4980006E0D7E /* LocationPeriodNode.swift */; };
		010E9F56211A499C006E0D7E /* LocationRateNode.swift in Sources */ = {isa = PBXBuildFile; fileRef = 010E9F55211A499C006E0D7E /* LocationRateNode.swift */; };
		010E9F58211A49D9006E0D7E /* RateSelectionDelegate.swift in Sources */ = {isa = PBXBuildFile; fileRef = 010E9F57211A49D9006E0D7E /* RateSelectionDelegate.swift */; };
		010E9F5A211A4C19006E0D7E /* LocationMaximusDemandNode.swift in Sources */ = {isa = PBXBuildFile; fileRef = 010E9F59211A4C19006E0D7E /* LocationMaximusDemandNode.swift */; };
		010E9F5C211A4C57006E0D7E /* CTTIconButton.swift in Sources */ = {isa = PBXBuildFile; fileRef = 010E9F5B211A4C57006E0D7E /* CTTIconButton.swift */; };
		010E9F5E211A4CF8006E0D7E /* LocationPeriodNodeDelegate.swift in Sources */ = {isa = PBXBuildFile; fileRef = 010E9F5D211A4CF8006E0D7E /* LocationPeriodNodeDelegate.swift */; };
		010E9F60211A4D23006E0D7E /* DateType.swift in Sources */ = {isa = PBXBuildFile; fileRef = 010E9F5F211A4D23006E0D7E /* DateType.swift */; };
		010E9F63211A4E01006E0D7E /* DateChooserDelegate.swift in Sources */ = {isa = PBXBuildFile; fileRef = 010E9F62211A4E01006E0D7E /* DateChooserDelegate.swift */; };
		010E9F66211A4E34006E0D7E /* DateChooserViewController.swift in Sources */ = {isa = PBXBuildFile; fileRef = 010E9F65211A4E34006E0D7E /* DateChooserViewController.swift */; };
		010E9F68211A4F8E006E0D7E /* DateChooserNodeDelegate.swift in Sources */ = {isa = PBXBuildFile; fileRef = 010E9F67211A4F8E006E0D7E /* DateChooserNodeDelegate.swift */; };
		010E9F6B211A4FED006E0D7E /* DateChooserNode.swift in Sources */ = {isa = PBXBuildFile; fileRef = 010E9F6A211A4FED006E0D7E /* DateChooserNode.swift */; };
		010E9F6D211A5035006E0D7E /* NewDateNode.swift in Sources */ = {isa = PBXBuildFile; fileRef = 010E9F6C211A5035006E0D7E /* NewDateNode.swift */; };
		010E9F6F211A5066006E0D7E /* PreviousDateNode.swift in Sources */ = {isa = PBXBuildFile; fileRef = 010E9F6E211A5066006E0D7E /* PreviousDateNode.swift */; };
		010E9F71211A59AB006E0D7E /* State.swift in Sources */ = {isa = PBXBuildFile; fileRef = 010E9F70211A59AB006E0D7E /* State.swift */; };
		010E9F73211A59EE006E0D7E /* States.swift in Sources */ = {isa = PBXBuildFile; fileRef = 010E9F72211A59EE006E0D7E /* States.swift */; };
		010E9F75211A5A53006E0D7E /* County.swift in Sources */ = {isa = PBXBuildFile; fileRef = 010E9F74211A5A53006E0D7E /* County.swift */; };
		010E9F77211A5A7B006E0D7E /* Counties.swift in Sources */ = {isa = PBXBuildFile; fileRef = 010E9F76211A5A7B006E0D7E /* Counties.swift */; };
		010E9F79211A5B04006E0D7E /* CountyRequestParameters.swift in Sources */ = {isa = PBXBuildFile; fileRef = 010E9F78211A5B04006E0D7E /* CountyRequestParameters.swift */; };
		010E9F7B211A5B33006E0D7E /* ElectricalDivision.swift in Sources */ = {isa = PBXBuildFile; fileRef = 010E9F7A211A5B33006E0D7E /* ElectricalDivision.swift */; };
		010E9F7D211A5B4E006E0D7E /* ElectricalDivisionRequestParameters.swift in Sources */ = {isa = PBXBuildFile; fileRef = 010E9F7C211A5B4E006E0D7E /* ElectricalDivisionRequestParameters.swift */; };
		010E9F7F211A5B74006E0D7E /* ElectricalDivisions.swift in Sources */ = {isa = PBXBuildFile; fileRef = 010E9F7E211A5B74006E0D7E /* ElectricalDivisions.swift */; };
		01B13134212DAA1000C2D72F /* LocationsListResponse.swift in Sources */ = {isa = PBXBuildFile; fileRef = 01B13133212DAA1000C2D72F /* LocationsListResponse.swift */; };
		01B13136212DABAF00C2D72F /* ActiveMeasurerNodeDelegate.swift in Sources */ = {isa = PBXBuildFile; fileRef = 01B13135212DABAF00C2D72F /* ActiveMeasurerNodeDelegate.swift */; };
		01B13139212DB10200C2D72F /* UserMeasurersViewController.swift in Sources */ = {isa = PBXBuildFile; fileRef = 01B13138212DB10200C2D72F /* UserMeasurersViewController.swift */; };
		01B1313B212DB9A100C2D72F /* InstantActivityRequestParameters.swift in Sources */ = {isa = PBXBuildFile; fileRef = 01B1313A212DB9A100C2D72F /* InstantActivityRequestParameters.swift */; };
		01B1313D212DB9DA00C2D72F /* InstantActivityResponse.swift in Sources */ = {isa = PBXBuildFile; fileRef = 01B1313C212DB9DA00C2D72F /* InstantActivityResponse.swift */; };
		01B1A6DB211259A6002F0A28 /* NewMeasurerResponse.swift in Sources */ = {isa = PBXBuildFile; fileRef = 01B1A6DA211259A6002F0A28 /* NewMeasurerResponse.swift */; };
		01B1A6DD21125A55002F0A28 /* RegisterMeasurerNodeDelegate.swift in Sources */ = {isa = PBXBuildFile; fileRef = 01B1A6DC21125A55002F0A28 /* RegisterMeasurerNodeDelegate.swift */; };
		01B1A6DF211260CD002F0A28 /* RegisterMeasurerDelegate.swift in Sources */ = {isa = PBXBuildFile; fileRef = 01B1A6DE211260CD002F0A28 /* RegisterMeasurerDelegate.swift */; };
		01B361D1210F9B4100019102 /* RealTimeActivityViewController.swift in Sources */ = {isa = PBXBuildFile; fileRef = 01B361D0210F9B4100019102 /* RealTimeActivityViewController.swift */; };
		01B361D6210F9C7400019102 /* RTActivityNode.swift in Sources */ = {isa = PBXBuildFile; fileRef = 01B361D5210F9C7400019102 /* RTActivityNode.swift */; };
		01B361D8210F9CD100019102 /* RTVoltageNode.swift in Sources */ = {isa = PBXBuildFile; fileRef = 01B361D7210F9CD100019102 /* RTVoltageNode.swift */; };
		01B361DA210F9D0600019102 /* CCTPhasesHorizontalStack.swift in Sources */ = {isa = PBXBuildFile; fileRef = 01B361D9210F9D0600019102 /* CCTPhasesHorizontalStack.swift */; };
		01B361DD210F9D3D00019102 /* CCTPhaseNode.swift in Sources */ = {isa = PBXBuildFile; fileRef = 01B361DC210F9D3D00019102 /* CCTPhaseNode.swift */; };
		01B361DF210F9DC500019102 /* PhaseIdentifier.swift in Sources */ = {isa = PBXBuildFile; fileRef = 01B361DE210F9DC500019102 /* PhaseIdentifier.swift */; };
		01B361E1210F9E6700019102 /* Phases.swift in Sources */ = {isa = PBXBuildFile; fileRef = 01B361E0210F9E6700019102 /* Phases.swift */; };
		01B361E3210F9F0200019102 /* RTEnergyNode.swift in Sources */ = {isa = PBXBuildFile; fileRef = 01B361E2210F9F0200019102 /* RTEnergyNode.swift */; };
		01B361E5210F9F1800019102 /* CCTNeutralPhasesHorizontalStack.swift in Sources */ = {isa = PBXBuildFile; fileRef = 01B361E4210F9F1800019102 /* CCTNeutralPhasesHorizontalStack.swift */; };
		01B361E7210FA02300019102 /* ElectricalVariables.swift in Sources */ = {isa = PBXBuildFile; fileRef = 01B361E6210FA02300019102 /* ElectricalVariables.swift */; };
		01B361E9210FA17F00019102 /* RTPowerFactorNode.swift in Sources */ = {isa = PBXBuildFile; fileRef = 01B361E8210FA17F00019102 /* RTPowerFactorNode.swift */; };
		01B361EB210FA1F900019102 /* RTPowerNode.swift in Sources */ = {isa = PBXBuildFile; fileRef = 01B361EA210FA1F900019102 /* RTPowerNode.swift */; };
		01B361F2210FAEBA00019102 /* LocationsViewController.swift in Sources */ = {isa = PBXBuildFile; fileRef = 01B361F1210FAEBA00019102 /* LocationsViewController.swift */; };
		01B361F4210FAF1800019102 /* LocationsDataManager.swift in Sources */ = {isa = PBXBuildFile; fileRef = 01B361F3210FAF1800019102 /* LocationsDataManager.swift */; };
		01B361F7210FAF4900019102 /* LocationCellDelegate.swift in Sources */ = {isa = PBXBuildFile; fileRef = 01B361F6210FAF4900019102 /* LocationCellDelegate.swift */; };
		01B361FA210FAFC300019102 /* LocationCellNode.swift in Sources */ = {isa = PBXBuildFile; fileRef = 01B361F9210FAFC300019102 /* LocationCellNode.swift */; };
		01B361FE210FB71C00019102 /* MeasurersViewController.swift in Sources */ = {isa = PBXBuildFile; fileRef = 01B361FD210FB71C00019102 /* MeasurersViewController.swift */; };
		01B36201210FB75100019102 /* MeasurersDataManager.swift in Sources */ = {isa = PBXBuildFile; fileRef = 01B36200210FB75100019102 /* MeasurersDataManager.swift */; };
		01B36204210FB7DA00019102 /* MeasurerCellNodeDelegate.swift in Sources */ = {isa = PBXBuildFile; fileRef = 01B36203210FB7DA00019102 /* MeasurerCellNodeDelegate.swift */; };
		01B36206210FB8D600019102 /* MeasurerCellNode.swift in Sources */ = {isa = PBXBuildFile; fileRef = 01B36205210FB8D600019102 /* MeasurerCellNode.swift */; };
		01B3620D210FC4D800019102 /* MeasurerConfigurationViewController.swift in Sources */ = {isa = PBXBuildFile; fileRef = 01B3620C210FC4D800019102 /* MeasurerConfigurationViewController.swift */; };
		01B36210210FC54500019102 /* RegisterMeasurerNode.swift in Sources */ = {isa = PBXBuildFile; fileRef = 01B3620F210FC54500019102 /* RegisterMeasurerNode.swift */; };
		01BB0CA4211238A900830A09 /* DeleteMeasurerResponse.swift in Sources */ = {isa = PBXBuildFile; fileRef = 01BB0CA3211238A900830A09 /* DeleteMeasurerResponse.swift */; };
		01BB0CA6211238D300830A09 /* DeleteMeasurerRequestParameters.swift in Sources */ = {isa = PBXBuildFile; fileRef = 01BB0CA5211238D300830A09 /* DeleteMeasurerRequestParameters.swift */; };
		01BBF828210A4567001EA9B9 /* CCTApiService.swift in Sources */ = {isa = PBXBuildFile; fileRef = 01BBF827210A4567001EA9B9 /* CCTApiService.swift */; };
		01BBF82A210A4677001EA9B9 /* Location.swift in Sources */ = {isa = PBXBuildFile; fileRef = 01BBF829210A4677001EA9B9 /* Location.swift */; };
		01BBF82C210A46AE001EA9B9 /* LocationsRequestParameters.swift in Sources */ = {isa = PBXBuildFile; fileRef = 01BBF82B210A46AE001EA9B9 /* LocationsRequestParameters.swift */; };
		01BBF82E210A46CC001EA9B9 /* LocationsResponse.swift in Sources */ = {isa = PBXBuildFile; fileRef = 01BBF82D210A46CC001EA9B9 /* LocationsResponse.swift */; };
		01BBF830210A48BE001EA9B9 /* HomeLocationNodeDelegate.swift in Sources */ = {isa = PBXBuildFile; fileRef = 01BBF82F210A48BE001EA9B9 /* HomeLocationNodeDelegate.swift */; };
		0BDC5C2D01830097CF64F567 /* Pods_EFI.framework in Frameworks */ = {isa = PBXBuildFile; fileRef = D3D6FCD2882FAFCA6EB8FBDA /* Pods_EFI.framework */; };
		A007C383210812E70011DB93 /* AppDelegate.swift in Sources */ = {isa = PBXBuildFile; fileRef = A007C382210812E70011DB93 /* AppDelegate.swift */; };
		A007C38A210812E90011DB93 /* Assets.xcassets in Resources */ = {isa = PBXBuildFile; fileRef = A007C389210812E90011DB93 /* Assets.xcassets */; };
		A007C38D210812E90011DB93 /* LaunchScreen.storyboard in Resources */ = {isa = PBXBuildFile; fileRef = A007C38B210812E90011DB93 /* LaunchScreen.storyboard */; };
		A040D5A9210FF25E0004599E /* MeasurerNickNameNode.swift in Sources */ = {isa = PBXBuildFile; fileRef = A040D5A8210FF25E0004599E /* MeasurerNickNameNode.swift */; };
		A040D5AC210FF2C40004599E /* ASEditableTextNode.swift in Sources */ = {isa = PBXBuildFile; fileRef = A040D5AB210FF2C40004599E /* ASEditableTextNode.swift */; };
		A040D5AE210FF3160004599E /* EnergyMultiplierNode.swift in Sources */ = {isa = PBXBuildFile; fileRef = A040D5AD210FF3160004599E /* EnergyMultiplierNode.swift */; };
		A040D5B0210FF3490004599E /* VoltageMultiplierNode.swift in Sources */ = {isa = PBXBuildFile; fileRef = A040D5AF210FF3490004599E /* VoltageMultiplierNode.swift */; };
		A040D5B2210FF38F0004599E /* MeasurerNode.swift in Sources */ = {isa = PBXBuildFile; fileRef = A040D5B1210FF38F0004599E /* MeasurerNode.swift */; };
		A040D5B5210FF4130004599E /* MeasurerNodeDelegate.swift in Sources */ = {isa = PBXBuildFile; fileRef = A040D5B4210FF4130004599E /* MeasurerNodeDelegate.swift */; };
		A040D5B7210FF4A30004599E /* RegisterMeasurerRequestParameters.swift in Sources */ = {isa = PBXBuildFile; fileRef = A040D5B6210FF4A30004599E /* RegisterMeasurerRequestParameters.swift */; };
		A040D5B9210FF5140004599E /* MeasurerAlarmNode.swift in Sources */ = {isa = PBXBuildFile; fileRef = A040D5B8210FF5140004599E /* MeasurerAlarmNode.swift */; };
		A040D5BB210FFE8D0004599E /* MeasurerScannerDelegate.swift in Sources */ = {isa = PBXBuildFile; fileRef = A040D5BA210FFE8D0004599E /* MeasurerScannerDelegate.swift */; };
		A040D5C02110012C0004599E /* MeasurerScannerViewController.swift in Sources */ = {isa = PBXBuildFile; fileRef = A040D5BF2110012C0004599E /* MeasurerScannerViewController.swift */; };
		A07DE61A21100391008D678A /* MeasurersResponse.swift in Sources */ = {isa = PBXBuildFile; fileRef = A07DE61921100391008D678A /* MeasurersResponse.swift */; };
		A07DE61C211003E2008D678A /* InstantActivity.swift in Sources */ = {isa = PBXBuildFile; fileRef = A07DE61B211003E2008D678A /* InstantActivity.swift */; };
		A07DE61E211003FB008D678A /* EnergyPower.swift in Sources */ = {isa = PBXBuildFile; fileRef = A07DE61D211003FB008D678A /* EnergyPower.swift */; };
		A07DE62021100416008D678A /* Measurer.swift in Sources */ = {isa = PBXBuildFile; fileRef = A07DE61F21100416008D678A /* Measurer.swift */; };
		A07DE62221100453008D678A /* MeasurersRequestParameters.swift in Sources */ = {isa = PBXBuildFile; fileRef = A07DE62121100453008D678A /* MeasurersRequestParameters.swift */; };
		A0A2233021153977003FA50C /* EmptyMeasurersCellNode.swift in Sources */ = {isa = PBXBuildFile; fileRef = A0A2232F21153977003FA50C /* EmptyMeasurersCellNode.swift */; };
		A0B32BB6211CFBB700AA5B41 /* StatesViewController.swift in Sources */ = {isa = PBXBuildFile; fileRef = A0B32BB5211CFBB700AA5B41 /* StatesViewController.swift */; };
		A0B32BB9211CFBD500AA5B41 /* StateCellNode.swift in Sources */ = {isa = PBXBuildFile; fileRef = A0B32BB8211CFBD500AA5B41 /* StateCellNode.swift */; };
		A0B32BBC211CFC2B00AA5B41 /* NationalStatesDelegate.swift in Sources */ = {isa = PBXBuildFile; fileRef = A0B32BBB211CFC2B00AA5B41 /* NationalStatesDelegate.swift */; };
		A0B32BBF211CFC6B00AA5B41 /* StatesTableManager.swift in Sources */ = {isa = PBXBuildFile; fileRef = A0B32BBE211CFC6B00AA5B41 /* StatesTableManager.swift */; };
		A0B32BC2211CFC9E00AA5B41 /* CountiesViewController.swift in Sources */ = {isa = PBXBuildFile; fileRef = A0B32BC1211CFC9E00AA5B41 /* CountiesViewController.swift */; };
		A0B32BC6211CFCDA00AA5B41 /* TownsDataManager.swift in Sources */ = {isa = PBXBuildFile; fileRef = A0B32BC5211CFCDA00AA5B41 /* TownsDataManager.swift */; };
		A0B32BC9211CFD0C00AA5B41 /* CountyCellNode.swift in Sources */ = {isa = PBXBuildFile; fileRef = A0B32BC8211CFD0C00AA5B41 /* CountyCellNode.swift */; };
		A0B32BCB211CFD2A00AA5B41 /* StateTownsDelegate.swift in Sources */ = {isa = PBXBuildFile; fileRef = A0B32BCA211CFD2A00AA5B41 /* StateTownsDelegate.swift */; };
		A0B32BCE211CFD5600AA5B41 /* ElectricalDivisionsViewController.swift in Sources */ = {isa = PBXBuildFile; fileRef = A0B32BCD211CFD5600AA5B41 /* ElectricalDivisionsViewController.swift */; };
		A0B32BD1211CFD8A00AA5B41 /* ElectricalDivisionCellNode.swift in Sources */ = {isa = PBXBuildFile; fileRef = A0B32BD0211CFD8A00AA5B41 /* ElectricalDivisionCellNode.swift */; };
		A0B32BD4211CFDB500AA5B41 /* ElectricalDivisionDataManager.swift in Sources */ = {isa = PBXBuildFile; fileRef = A0B32BD3211CFDB500AA5B41 /* ElectricalDivisionDataManager.swift */; };
		A0B32BD7211CFDCE00AA5B41 /* ElectricalDivisionDelegate.swift in Sources */ = {isa = PBXBuildFile; fileRef = A0B32BD6211CFDCE00AA5B41 /* ElectricalDivisionDelegate.swift */; };
		A0B32BD9211CFE6B00AA5B41 /* TarifasCRE.swift in Sources */ = {isa = PBXBuildFile; fileRef = A0B32BD8211CFE6B00AA5B41 /* TarifasCRE.swift */; };
		A0B32BDC211CFEAC00AA5B41 /* CRERatesViewController.swift in Sources */ = {isa = PBXBuildFile; fileRef = A0B32BDB211CFEAC00AA5B41 /* CRERatesViewController.swift */; };
		A0B32BDF211CFEDB00AA5B41 /* CRERateCellNde.swift in Sources */ = {isa = PBXBuildFile; fileRef = A0B32BDE211CFEDB00AA5B41 /* CRERateCellNde.swift */; };
		A0B32BE2211CFF1B00AA5B41 /* CRERatesDelegate.swift in Sources */ = {isa = PBXBuildFile; fileRef = A0B32BE1211CFF1B00AA5B41 /* CRERatesDelegate.swift */; };
		A0B32BE5211CFF5800AA5B41 /* CRERatesDataManager.swift in Sources */ = {isa = PBXBuildFile; fileRef = A0B32BE4211CFF5800AA5B41 /* CRERatesDataManager.swift */; };
		A0B32BE7211D036D00AA5B41 /* NewLocationRequestParameters.swift in Sources */ = {isa = PBXBuildFile; fileRef = A0B32BE6211D036D00AA5B41 /* NewLocationRequestParameters.swift */; };
		A0B32BE9211D03F700AA5B41 /* NewLocationResponse.swift in Sources */ = {isa = PBXBuildFile; fileRef = A0B32BE8211D03F700AA5B41 /* NewLocationResponse.swift */; };
		A0BFB7EF212CF7B400E9CC44 /* UIViewController.swift in Sources */ = {isa = PBXBuildFile; fileRef = A0BFB7EE212CF7B400E9CC44 /* UIViewController.swift */; };
		A0BFB7F1212D079A00E9CC44 /* ASDisplayNode.swift in Sources */ = {isa = PBXBuildFile; fileRef = A0BFB7F0212D079A00E9CC44 /* ASDisplayNode.swift */; };
		A0BFB7F3212D178D00E9CC44 /* DeleteLocationResponse.swift in Sources */ = {isa = PBXBuildFile; fileRef = A0BFB7F2212D178D00E9CC44 /* DeleteLocationResponse.swift */; };
		A0BFB7F5212D17F700E9CC44 /* DeleteLocationParameters.swift in Sources */ = {isa = PBXBuildFile; fileRef = A0BFB7F4212D17F700E9CC44 /* DeleteLocationParameters.swift */; };
		A0CD8ADF211D2A6400235048 /* LocationsMapViewController.swift in Sources */ = {isa = PBXBuildFile; fileRef = A0CD8ADE211D2A6400235048 /* LocationsMapViewController.swift */; };
		A0CD8AE3211D548100235048 /* LocationsMapCell.swift in Sources */ = {isa = PBXBuildFile; fileRef = A0CD8AE2211D548100235048 /* LocationsMapCell.swift */; };
		A0CD8AE6211D54A000235048 /* LocationMapCellDelegate.swift in Sources */ = {isa = PBXBuildFile; fileRef = A0CD8AE5211D54A000235048 /* LocationMapCellDelegate.swift */; };
		A0CD8AE9211D54BC00235048 /* MapLocationsCollectionNodeDataManager.swift in Sources */ = {isa = PBXBuildFile; fileRef = A0CD8AE8211D54BC00235048 /* MapLocationsCollectionNodeDataManager.swift */; };
		A0CD8AEB211D54ED00235048 /* MapLocationsCollectionNode.swift in Sources */ = {isa = PBXBuildFile; fileRef = A0CD8AEA211D54ED00235048 /* MapLocationsCollectionNode.swift */; };
		A0CD8AED211D585400235048 /* LocationsMapDelegate.swift in Sources */ = {isa = PBXBuildFile; fileRef = A0CD8AEC211D585400235048 /* LocationsMapDelegate.swift */; };
		A0CD8AF1211D59EE00235048 /* LocationsMap.swift in Sources */ = {isa = PBXBuildFile; fileRef = A0CD8AF0211D59EE00235048 /* LocationsMap.swift */; };
		A0D9A72D210818D400979F07 /* CCTBusinessTabController.swift in Sources */ = {isa = PBXBuildFile; fileRef = A0D9A72C210818D400979F07 /* CCTBusinessTabController.swift */; };
		A0D9A7312108196300979F07 /* OfflineStorageNameFiles.swift in Sources */ = {isa = PBXBuildFile; fileRef = A0D9A7302108196300979F07 /* OfflineStorageNameFiles.swift */; };
		A0D9A73B21081A6900979F07 /* PaymentStatusViewController.swift in Sources */ = {isa = PBXBuildFile; fileRef = A0D9A73A21081A6900979F07 /* PaymentStatusViewController.swift */; };
		A0D9A73D21081AA000979F07 /* Con100tNTService.swift in Sources */ = {isa = PBXBuildFile; fileRef = A0D9A73C21081AA000979F07 /* Con100tNTService.swift */; };
		A0D9A7CD2108209700979F07 /* BusinessHomeNode.swift in Sources */ = {isa = PBXBuildFile; fileRef = A0D9A7CC2108209700979F07 /* BusinessHomeNode.swift */; };
		A0D9A7CF210820FC00979F07 /* PaymentStatusNode.swift in Sources */ = {isa = PBXBuildFile; fileRef = A0D9A7CE210820FC00979F07 /* PaymentStatusNode.swift */; };
		A0D9A7D22108214000979F07 /* CCTNode.swift in Sources */ = {isa = PBXBuildFile; fileRef = A0D9A7D12108214000979F07 /* CCTNode.swift */; };
		A0D9A7D42108217900979F07 /* CTTTextNode.swift in Sources */ = {isa = PBXBuildFile; fileRef = A0D9A7D32108217900979F07 /* CTTTextNode.swift */; };
		A0D9A7D7210821AC00979F07 /* UIColor.swift in Sources */ = {isa = PBXBuildFile; fileRef = A0D9A7D6210821AC00979F07 /* UIColor.swift */; };
		A0D9A7D9210821F900979F07 /* CCTBorderButton.swift in Sources */ = {isa = PBXBuildFile; fileRef = A0D9A7D8210821F900979F07 /* CCTBorderButton.swift */; };
		A0D9A7DC2108222F00979F07 /* CCTTitleValueHorizontalStack.swift in Sources */ = {isa = PBXBuildFile; fileRef = A0D9A7DB2108222F00979F07 /* CCTTitleValueHorizontalStack.swift */; };
		A0D9A7DE2108228700979F07 /* HomeLocationNode.swift in Sources */ = {isa = PBXBuildFile; fileRef = A0D9A7DD2108228700979F07 /* HomeLocationNode.swift */; };
		A0D9A7E0210822EF00979F07 /* BusinessEnergyConsumptionNode.swift in Sources */ = {isa = PBXBuildFile; fileRef = A0D9A7DF210822EF00979F07 /* BusinessEnergyConsumptionNode.swift */; };
		A0D9A7E22108231700979F07 /* BasicConsumptionNode.swift in Sources */ = {isa = PBXBuildFile; fileRef = A0D9A7E12108231700979F07 /* BasicConsumptionNode.swift */; };
		A0D9A7E42108235C00979F07 /* IntermediateConsumptionNode.swift in Sources */ = {isa = PBXBuildFile; fileRef = A0D9A7E32108235C00979F07 /* IntermediateConsumptionNode.swift */; };
		A0D9A7E62108237C00979F07 /* TopConsumptionNode.swift in Sources */ = {isa = PBXBuildFile; fileRef = A0D9A7E52108237C00979F07 /* TopConsumptionNode.swift */; };
		A0D9A7E8210823A900979F07 /* TotalConsumptionNode.swift in Sources */ = {isa = PBXBuildFile; fileRef = A0D9A7E7210823A900979F07 /* TotalConsumptionNode.swift */; };
		A0EB67032123A64300D8086E /* RecordsByDayRequestParameters.swift in Sources */ = {isa = PBXBuildFile; fileRef = A0EB67022123A64300D8086E /* RecordsByDayRequestParameters.swift */; };
		A0EB67052123A66600D8086E /* RecordsByDayResponse.swift in Sources */ = {isa = PBXBuildFile; fileRef = A0EB67042123A66600D8086E /* RecordsByDayResponse.swift */; };
		A0EB67072123A67800D8086E /* MeasurerRecords.swift in Sources */ = {isa = PBXBuildFile; fileRef = A0EB67062123A67800D8086E /* MeasurerRecords.swift */; };
		A0EB67092123A69100D8086E /* MeasurerRecord.swift in Sources */ = {isa = PBXBuildFile; fileRef = A0EB67082123A69100D8086E /* MeasurerRecord.swift */; };
		A0EB670D2123A83B00D8086E /* HistoricalChartOfActitivyViewController.swift in Sources */ = {isa = PBXBuildFile; fileRef = A0EB670C2123A83B00D8086E /* HistoricalChartOfActitivyViewController.swift */; };
		A0EB67102123A86700D8086E /* HistoricalChartOfActitivyDataManager.swift in Sources */ = {isa = PBXBuildFile; fileRef = A0EB670F2123A86700D8086E /* HistoricalChartOfActitivyDataManager.swift */; };
/* End PBXBuildFile section */

/* Begin PBXFileReference section */
		010E9F29211A22C7006E0D7E /* RTActivelMeasurerNode.swift */ = {isa = PBXFileReference; lastKnownFileType = sourcecode.swift; path = RTActivelMeasurerNode.swift; sourceTree = "<group>"; };
		010E9F2B211A289F006E0D7E /* ConfigurationMode.swift */ = {isa = PBXFileReference; lastKnownFileType = sourcecode.swift; path = ConfigurationMode.swift; sourceTree = "<group>"; };
		010E9F2E211A379B006E0D7E /* CalendarViewController.swift */ = {isa = PBXFileReference; lastKnownFileType = sourcecode.swift; path = CalendarViewController.swift; sourceTree = "<group>"; };
		010E9F31211A37CE006E0D7E /* CalendarDataSource.swift */ = {isa = PBXFileReference; lastKnownFileType = sourcecode.swift; path = CalendarDataSource.swift; sourceTree = "<group>"; };
		010E9F33211A37F8006E0D7E /* Date.swift */ = {isa = PBXFileReference; lastKnownFileType = sourcecode.swift; path = Date.swift; sourceTree = "<group>"; };
		010E9F35211A3813006E0D7E /* CalendarDelegate.swift */ = {isa = PBXFileReference; lastKnownFileType = sourcecode.swift; path = CalendarDelegate.swift; sourceTree = "<group>"; };
		010E9F38211A3840006E0D7E /* ShowDayDetailDelegate.swift */ = {isa = PBXFileReference; lastKnownFileType = sourcecode.swift; path = ShowDayDetailDelegate.swift; sourceTree = "<group>"; };
		010E9F3A211A3A74006E0D7E /* CCTCalendarView.swift */ = {isa = PBXFileReference; lastKnownFileType = sourcecode.swift; path = CCTCalendarView.swift; sourceTree = "<group>"; };
		010E9F3C211A3AD5006E0D7E /* CRERate.swift */ = {isa = PBXFileReference; lastKnownFileType = sourcecode.swift; path = CRERate.swift; sourceTree = "<group>"; };
		010E9F40211A3B88006E0D7E /* CalendarNode.swift */ = {isa = PBXFileReference; lastKnownFileType = sourcecode.swift; path = CalendarNode.swift; sourceTree = "<group>"; };
		010E9F43211A479A006E0D7E /* RegisterLocationViewController.swift */ = {isa = PBXFileReference; lastKnownFileType = sourcecode.swift; path = RegisterLocationViewController.swift; sourceTree = "<group>"; };
		010E9F46211A47E0006E0D7E /* RegisterLocationDelegate.swift */ = {isa = PBXFileReference; lastKnownFileType = sourcecode.swift; path = RegisterLocationDelegate.swift; sourceTree = "<group>"; };
		010E9F49211A4880006E0D7E /* RegisterLocationNode.swift */ = {isa = PBXFileReference; lastKnownFileType = sourcecode.swift; path = RegisterLocationNode.swift; sourceTree = "<group>"; };
		010E9F4B211A48D8006E0D7E /* RegisterLocationNodeDelegate.swift */ = {isa = PBXFileReference; lastKnownFileType = sourcecode.swift; path = RegisterLocationNodeDelegate.swift; sourceTree = "<group>"; };
		010E9F4D211A4913006E0D7E /* RateForLocationRequestParameters.swift */ = {isa = PBXFileReference; lastKnownFileType = sourcecode.swift; path = RateForLocationRequestParameters.swift; sourceTree = "<group>"; };
		010E9F4F211A492C006E0D7E /* LocationNameNode.swift */ = {isa = PBXFileReference; lastKnownFileType = sourcecode.swift; path = LocationNameNode.swift; sourceTree = "<group>"; };
		010E9F51211A4969006E0D7E /* LocationInitialConNode.swift */ = {isa = PBXFileReference; lastKnownFileType = sourcecode.swift; path = LocationInitialConNode.swift; sourceTree = "<group>"; };
		010E9F53211A4980006E0D7E /* LocationPeriodNode.swift */ = {isa = PBXFileReference; lastKnownFileType = sourcecode.swift; path = LocationPeriodNode.swift; sourceTree = "<group>"; };
		010E9F55211A499C006E0D7E /* LocationRateNode.swift */ = {isa = PBXFileReference; lastKnownFileType = sourcecode.swift; path = LocationRateNode.swift; sourceTree = "<group>"; };
		010E9F57211A49D9006E0D7E /* RateSelectionDelegate.swift */ = {isa = PBXFileReference; lastKnownFileType = sourcecode.swift; path = RateSelectionDelegate.swift; sourceTree = "<group>"; };
		010E9F59211A4C19006E0D7E /* LocationMaximusDemandNode.swift */ = {isa = PBXFileReference; lastKnownFileType = sourcecode.swift; path = LocationMaximusDemandNode.swift; sourceTree = "<group>"; };
		010E9F5B211A4C57006E0D7E /* CTTIconButton.swift */ = {isa = PBXFileReference; lastKnownFileType = sourcecode.swift; path = CTTIconButton.swift; sourceTree = "<group>"; };
		010E9F5D211A4CF8006E0D7E /* LocationPeriodNodeDelegate.swift */ = {isa = PBXFileReference; lastKnownFileType = sourcecode.swift; path = LocationPeriodNodeDelegate.swift; sourceTree = "<group>"; };
		010E9F5F211A4D23006E0D7E /* DateType.swift */ = {isa = PBXFileReference; lastKnownFileType = sourcecode.swift; path = DateType.swift; sourceTree = "<group>"; };
		010E9F62211A4E01006E0D7E /* DateChooserDelegate.swift */ = {isa = PBXFileReference; lastKnownFileType = sourcecode.swift; path = DateChooserDelegate.swift; sourceTree = "<group>"; };
		010E9F65211A4E34006E0D7E /* DateChooserViewController.swift */ = {isa = PBXFileReference; lastKnownFileType = sourcecode.swift; path = DateChooserViewController.swift; sourceTree = "<group>"; };
		010E9F67211A4F8E006E0D7E /* DateChooserNodeDelegate.swift */ = {isa = PBXFileReference; lastKnownFileType = sourcecode.swift; path = DateChooserNodeDelegate.swift; sourceTree = "<group>"; };
		010E9F6A211A4FED006E0D7E /* DateChooserNode.swift */ = {isa = PBXFileReference; lastKnownFileType = sourcecode.swift; path = DateChooserNode.swift; sourceTree = "<group>"; };
		010E9F6C211A5035006E0D7E /* NewDateNode.swift */ = {isa = PBXFileReference; lastKnownFileType = sourcecode.swift; path = NewDateNode.swift; sourceTree = "<group>"; };
		010E9F6E211A5066006E0D7E /* PreviousDateNode.swift */ = {isa = PBXFileReference; lastKnownFileType = sourcecode.swift; path = PreviousDateNode.swift; sourceTree = "<group>"; };
		010E9F70211A59AB006E0D7E /* State.swift */ = {isa = PBXFileReference; lastKnownFileType = sourcecode.swift; path = State.swift; sourceTree = "<group>"; };
		010E9F72211A59EE006E0D7E /* States.swift */ = {isa = PBXFileReference; lastKnownFileType = sourcecode.swift; path = States.swift; sourceTree = "<group>"; };
		010E9F74211A5A53006E0D7E /* County.swift */ = {isa = PBXFileReference; lastKnownFileType = sourcecode.swift; path = County.swift; sourceTree = "<group>"; };
		010E9F76211A5A7B006E0D7E /* Counties.swift */ = {isa = PBXFileReference; lastKnownFileType = sourcecode.swift; path = Counties.swift; sourceTree = "<group>"; };
		010E9F78211A5B04006E0D7E /* CountyRequestParameters.swift */ = {isa = PBXFileReference; lastKnownFileType = sourcecode.swift; path = CountyRequestParameters.swift; sourceTree = "<group>"; };
		010E9F7A211A5B33006E0D7E /* ElectricalDivision.swift */ = {isa = PBXFileReference; lastKnownFileType = sourcecode.swift; path = ElectricalDivision.swift; sourceTree = "<group>"; };
		010E9F7C211A5B4E006E0D7E /* ElectricalDivisionRequestParameters.swift */ = {isa = PBXFileReference; lastKnownFileType = sourcecode.swift; path = ElectricalDivisionRequestParameters.swift; sourceTree = "<group>"; };
		010E9F7E211A5B74006E0D7E /* ElectricalDivisions.swift */ = {isa = PBXFileReference; lastKnownFileType = sourcecode.swift; path = ElectricalDivisions.swift; sourceTree = "<group>"; };
		01B13133212DAA1000C2D72F /* LocationsListResponse.swift */ = {isa = PBXFileReference; lastKnownFileType = sourcecode.swift; path = LocationsListResponse.swift; sourceTree = "<group>"; };
		01B13135212DABAF00C2D72F /* ActiveMeasurerNodeDelegate.swift */ = {isa = PBXFileReference; lastKnownFileType = sourcecode.swift; path = ActiveMeasurerNodeDelegate.swift; sourceTree = "<group>"; };
		01B13138212DB10200C2D72F /* UserMeasurersViewController.swift */ = {isa = PBXFileReference; lastKnownFileType = sourcecode.swift; path = UserMeasurersViewController.swift; sourceTree = "<group>"; };
		01B1313A212DB9A100C2D72F /* InstantActivityRequestParameters.swift */ = {isa = PBXFileReference; lastKnownFileType = sourcecode.swift; path = InstantActivityRequestParameters.swift; sourceTree = "<group>"; };
		01B1313C212DB9DA00C2D72F /* InstantActivityResponse.swift */ = {isa = PBXFileReference; lastKnownFileType = sourcecode.swift; path = InstantActivityResponse.swift; sourceTree = "<group>"; };
		01B1A6DA211259A6002F0A28 /* NewMeasurerResponse.swift */ = {isa = PBXFileReference; lastKnownFileType = sourcecode.swift; path = NewMeasurerResponse.swift; sourceTree = "<group>"; };
		01B1A6DC21125A55002F0A28 /* RegisterMeasurerNodeDelegate.swift */ = {isa = PBXFileReference; lastKnownFileType = sourcecode.swift; path = RegisterMeasurerNodeDelegate.swift; sourceTree = "<group>"; };
		01B1A6DE211260CD002F0A28 /* RegisterMeasurerDelegate.swift */ = {isa = PBXFileReference; lastKnownFileType = sourcecode.swift; path = RegisterMeasurerDelegate.swift; sourceTree = "<group>"; };
		01B361D0210F9B4100019102 /* RealTimeActivityViewController.swift */ = {isa = PBXFileReference; lastKnownFileType = sourcecode.swift; path = RealTimeActivityViewController.swift; sourceTree = "<group>"; };
		01B361D5210F9C7400019102 /* RTActivityNode.swift */ = {isa = PBXFileReference; lastKnownFileType = sourcecode.swift; path = RTActivityNode.swift; sourceTree = "<group>"; };
		01B361D7210F9CD100019102 /* RTVoltageNode.swift */ = {isa = PBXFileReference; lastKnownFileType = sourcecode.swift; path = RTVoltageNode.swift; sourceTree = "<group>"; };
		01B361D9210F9D0600019102 /* CCTPhasesHorizontalStack.swift */ = {isa = PBXFileReference; lastKnownFileType = sourcecode.swift; path = CCTPhasesHorizontalStack.swift; sourceTree = "<group>"; };
		01B361DC210F9D3D00019102 /* CCTPhaseNode.swift */ = {isa = PBXFileReference; lastKnownFileType = sourcecode.swift; path = CCTPhaseNode.swift; sourceTree = "<group>"; };
		01B361DE210F9DC500019102 /* PhaseIdentifier.swift */ = {isa = PBXFileReference; lastKnownFileType = sourcecode.swift; path = PhaseIdentifier.swift; sourceTree = "<group>"; };
		01B361E0210F9E6700019102 /* Phases.swift */ = {isa = PBXFileReference; lastKnownFileType = sourcecode.swift; name = Phases.swift; path = EFI/Enums/Phases.swift; sourceTree = SOURCE_ROOT; };
		01B361E2210F9F0200019102 /* RTEnergyNode.swift */ = {isa = PBXFileReference; lastKnownFileType = sourcecode.swift; path = RTEnergyNode.swift; sourceTree = "<group>"; };
		01B361E4210F9F1800019102 /* CCTNeutralPhasesHorizontalStack.swift */ = {isa = PBXFileReference; lastKnownFileType = sourcecode.swift; path = CCTNeutralPhasesHorizontalStack.swift; sourceTree = "<group>"; };
		01B361E6210FA02300019102 /* ElectricalVariables.swift */ = {isa = PBXFileReference; lastKnownFileType = sourcecode.swift; name = ElectricalVariables.swift; path = EFI/Enums/ElectricalVariables.swift; sourceTree = SOURCE_ROOT; };
		01B361E8210FA17F00019102 /* RTPowerFactorNode.swift */ = {isa = PBXFileReference; lastKnownFileType = sourcecode.swift; path = RTPowerFactorNode.swift; sourceTree = "<group>"; };
		01B361EA210FA1F900019102 /* RTPowerNode.swift */ = {isa = PBXFileReference; lastKnownFileType = sourcecode.swift; path = RTPowerNode.swift; sourceTree = "<group>"; };
		01B361F1210FAEBA00019102 /* LocationsViewController.swift */ = {isa = PBXFileReference; lastKnownFileType = sourcecode.swift; path = LocationsViewController.swift; sourceTree = "<group>"; };
		01B361F3210FAF1800019102 /* LocationsDataManager.swift */ = {isa = PBXFileReference; lastKnownFileType = sourcecode.swift; path = LocationsDataManager.swift; sourceTree = "<group>"; };
		01B361F6210FAF4900019102 /* LocationCellDelegate.swift */ = {isa = PBXFileReference; lastKnownFileType = sourcecode.swift; path = LocationCellDelegate.swift; sourceTree = "<group>"; };
		01B361F9210FAFC300019102 /* LocationCellNode.swift */ = {isa = PBXFileReference; lastKnownFileType = sourcecode.swift; path = LocationCellNode.swift; sourceTree = "<group>"; };
		01B361FD210FB71C00019102 /* MeasurersViewController.swift */ = {isa = PBXFileReference; lastKnownFileType = sourcecode.swift; path = MeasurersViewController.swift; sourceTree = "<group>"; };
		01B36200210FB75100019102 /* MeasurersDataManager.swift */ = {isa = PBXFileReference; lastKnownFileType = sourcecode.swift; path = MeasurersDataManager.swift; sourceTree = "<group>"; };
		01B36203210FB7DA00019102 /* MeasurerCellNodeDelegate.swift */ = {isa = PBXFileReference; lastKnownFileType = sourcecode.swift; path = MeasurerCellNodeDelegate.swift; sourceTree = "<group>"; };
		01B36205210FB8D600019102 /* MeasurerCellNode.swift */ = {isa = PBXFileReference; lastKnownFileType = sourcecode.swift; path = MeasurerCellNode.swift; sourceTree = "<group>"; };
		01B3620C210FC4D800019102 /* MeasurerConfigurationViewController.swift */ = {isa = PBXFileReference; lastKnownFileType = sourcecode.swift; path = MeasurerConfigurationViewController.swift; sourceTree = "<group>"; };
		01B3620F210FC54500019102 /* RegisterMeasurerNode.swift */ = {isa = PBXFileReference; lastKnownFileType = sourcecode.swift; path = RegisterMeasurerNode.swift; sourceTree = "<group>"; };
		01BB0CA3211238A900830A09 /* DeleteMeasurerResponse.swift */ = {isa = PBXFileReference; lastKnownFileType = sourcecode.swift; path = DeleteMeasurerResponse.swift; sourceTree = "<group>"; };
		01BB0CA5211238D300830A09 /* DeleteMeasurerRequestParameters.swift */ = {isa = PBXFileReference; lastKnownFileType = sourcecode.swift; path = DeleteMeasurerRequestParameters.swift; sourceTree = "<group>"; };
		01BBF827210A4567001EA9B9 /* CCTApiService.swift */ = {isa = PBXFileReference; lastKnownFileType = sourcecode.swift; path = CCTApiService.swift; sourceTree = "<group>"; };
		01BBF829210A4677001EA9B9 /* Location.swift */ = {isa = PBXFileReference; lastKnownFileType = sourcecode.swift; name = Location.swift; path = EFI/Location.swift; sourceTree = SOURCE_ROOT; };
		01BBF82B210A46AE001EA9B9 /* LocationsRequestParameters.swift */ = {isa = PBXFileReference; lastKnownFileType = sourcecode.swift; name = LocationsRequestParameters.swift; path = EFI/LocationsRequestParameters.swift; sourceTree = SOURCE_ROOT; };
		01BBF82D210A46CC001EA9B9 /* LocationsResponse.swift */ = {isa = PBXFileReference; lastKnownFileType = sourcecode.swift; name = LocationsResponse.swift; path = EFI/LocationsResponse.swift; sourceTree = SOURCE_ROOT; };
		01BBF82F210A48BE001EA9B9 /* HomeLocationNodeDelegate.swift */ = {isa = PBXFileReference; lastKnownFileType = sourcecode.swift; path = HomeLocationNodeDelegate.swift; sourceTree = "<group>"; };
		071BACF4C564F5C3D3E2CED5 /* Pods-EFI.debug.xcconfig */ = {isa = PBXFileReference; includeInIndex = 1; lastKnownFileType = text.xcconfig; name = "Pods-EFI.debug.xcconfig"; path = "Pods/Target Support Files/Pods-EFI/Pods-EFI.debug.xcconfig"; sourceTree = "<group>"; };
		54F8C5C1FD8F61BF74E6BFF6 /* Pods-EFI.release.xcconfig */ = {isa = PBXFileReference; includeInIndex = 1; lastKnownFileType = text.xcconfig; name = "Pods-EFI.release.xcconfig"; path = "Pods/Target Support Files/Pods-EFI/Pods-EFI.release.xcconfig"; sourceTree = "<group>"; };
		A007C37F210812E70011DB93 /* EFI.app */ = {isa = PBXFileReference; explicitFileType = wrapper.application; includeInIndex = 0; path = EFI.app; sourceTree = BUILT_PRODUCTS_DIR; };
		A007C382210812E70011DB93 /* AppDelegate.swift */ = {isa = PBXFileReference; lastKnownFileType = sourcecode.swift; path = AppDelegate.swift; sourceTree = "<group>"; };
		A007C389210812E90011DB93 /* Assets.xcassets */ = {isa = PBXFileReference; lastKnownFileType = folder.assetcatalog; path = Assets.xcassets; sourceTree = "<group>"; };
		A007C38C210812E90011DB93 /* Base */ = {isa = PBXFileReference; lastKnownFileType = file.storyboard; name = Base; path = Base.lproj/LaunchScreen.storyboard; sourceTree = "<group>"; };
		A007C38E210812E90011DB93 /* Info.plist */ = {isa = PBXFileReference; lastKnownFileType = text.plist.xml; path = Info.plist; sourceTree = "<group>"; };
		A040D5A8210FF25E0004599E /* MeasurerNickNameNode.swift */ = {isa = PBXFileReference; lastKnownFileType = sourcecode.swift; path = MeasurerNickNameNode.swift; sourceTree = "<group>"; };
		A040D5AB210FF2C40004599E /* ASEditableTextNode.swift */ = {isa = PBXFileReference; lastKnownFileType = sourcecode.swift; path = ASEditableTextNode.swift; sourceTree = "<group>"; };
		A040D5AD210FF3160004599E /* EnergyMultiplierNode.swift */ = {isa = PBXFileReference; lastKnownFileType = sourcecode.swift; path = EnergyMultiplierNode.swift; sourceTree = "<group>"; };
		A040D5AF210FF3490004599E /* VoltageMultiplierNode.swift */ = {isa = PBXFileReference; lastKnownFileType = sourcecode.swift; path = VoltageMultiplierNode.swift; sourceTree = "<group>"; };
		A040D5B1210FF38F0004599E /* MeasurerNode.swift */ = {isa = PBXFileReference; lastKnownFileType = sourcecode.swift; path = MeasurerNode.swift; sourceTree = "<group>"; };
		A040D5B4210FF4130004599E /* MeasurerNodeDelegate.swift */ = {isa = PBXFileReference; lastKnownFileType = sourcecode.swift; path = MeasurerNodeDelegate.swift; sourceTree = "<group>"; };
		A040D5B6210FF4A30004599E /* RegisterMeasurerRequestParameters.swift */ = {isa = PBXFileReference; lastKnownFileType = sourcecode.swift; path = RegisterMeasurerRequestParameters.swift; sourceTree = "<group>"; };
		A040D5B8210FF5140004599E /* MeasurerAlarmNode.swift */ = {isa = PBXFileReference; lastKnownFileType = sourcecode.swift; path = MeasurerAlarmNode.swift; sourceTree = "<group>"; };
		A040D5BA210FFE8D0004599E /* MeasurerScannerDelegate.swift */ = {isa = PBXFileReference; lastKnownFileType = sourcecode.swift; path = MeasurerScannerDelegate.swift; sourceTree = "<group>"; };
		A040D5BF2110012C0004599E /* MeasurerScannerViewController.swift */ = {isa = PBXFileReference; lastKnownFileType = sourcecode.swift; path = MeasurerScannerViewController.swift; sourceTree = "<group>"; };
		A07DE61921100391008D678A /* MeasurersResponse.swift */ = {isa = PBXFileReference; lastKnownFileType = sourcecode.swift; path = MeasurersResponse.swift; sourceTree = "<group>"; };
		A07DE61B211003E2008D678A /* InstantActivity.swift */ = {isa = PBXFileReference; lastKnownFileType = sourcecode.swift; path = InstantActivity.swift; sourceTree = "<group>"; };
		A07DE61D211003FB008D678A /* EnergyPower.swift */ = {isa = PBXFileReference; lastKnownFileType = sourcecode.swift; path = EnergyPower.swift; sourceTree = "<group>"; };
		A07DE61F21100416008D678A /* Measurer.swift */ = {isa = PBXFileReference; lastKnownFileType = sourcecode.swift; path = Measurer.swift; sourceTree = "<group>"; };
		A07DE62121100453008D678A /* MeasurersRequestParameters.swift */ = {isa = PBXFileReference; lastKnownFileType = sourcecode.swift; path = MeasurersRequestParameters.swift; sourceTree = "<group>"; };
		A0A2232F21153977003FA50C /* EmptyMeasurersCellNode.swift */ = {isa = PBXFileReference; lastKnownFileType = sourcecode.swift; path = EmptyMeasurersCellNode.swift; sourceTree = "<group>"; };
		A0B32BB5211CFBB700AA5B41 /* StatesViewController.swift */ = {isa = PBXFileReference; lastKnownFileType = sourcecode.swift; path = StatesViewController.swift; sourceTree = "<group>"; };
		A0B32BB8211CFBD500AA5B41 /* StateCellNode.swift */ = {isa = PBXFileReference; lastKnownFileType = sourcecode.swift; path = StateCellNode.swift; sourceTree = "<group>"; };
		A0B32BBB211CFC2B00AA5B41 /* NationalStatesDelegate.swift */ = {isa = PBXFileReference; lastKnownFileType = sourcecode.swift; path = NationalStatesDelegate.swift; sourceTree = "<group>"; };
		A0B32BBE211CFC6B00AA5B41 /* StatesTableManager.swift */ = {isa = PBXFileReference; lastKnownFileType = sourcecode.swift; path = StatesTableManager.swift; sourceTree = "<group>"; };
		A0B32BC1211CFC9E00AA5B41 /* CountiesViewController.swift */ = {isa = PBXFileReference; lastKnownFileType = sourcecode.swift; path = CountiesViewController.swift; sourceTree = "<group>"; };
		A0B32BC5211CFCDA00AA5B41 /* TownsDataManager.swift */ = {isa = PBXFileReference; lastKnownFileType = sourcecode.swift; path = TownsDataManager.swift; sourceTree = "<group>"; };
		A0B32BC8211CFD0C00AA5B41 /* CountyCellNode.swift */ = {isa = PBXFileReference; lastKnownFileType = sourcecode.swift; path = CountyCellNode.swift; sourceTree = "<group>"; };
		A0B32BCA211CFD2A00AA5B41 /* StateTownsDelegate.swift */ = {isa = PBXFileReference; lastKnownFileType = sourcecode.swift; path = StateTownsDelegate.swift; sourceTree = "<group>"; };
		A0B32BCD211CFD5600AA5B41 /* ElectricalDivisionsViewController.swift */ = {isa = PBXFileReference; lastKnownFileType = sourcecode.swift; path = ElectricalDivisionsViewController.swift; sourceTree = "<group>"; };
		A0B32BD0211CFD8A00AA5B41 /* ElectricalDivisionCellNode.swift */ = {isa = PBXFileReference; lastKnownFileType = sourcecode.swift; path = ElectricalDivisionCellNode.swift; sourceTree = "<group>"; };
		A0B32BD3211CFDB500AA5B41 /* ElectricalDivisionDataManager.swift */ = {isa = PBXFileReference; lastKnownFileType = sourcecode.swift; path = ElectricalDivisionDataManager.swift; sourceTree = "<group>"; };
		A0B32BD6211CFDCE00AA5B41 /* ElectricalDivisionDelegate.swift */ = {isa = PBXFileReference; lastKnownFileType = sourcecode.swift; path = ElectricalDivisionDelegate.swift; sourceTree = "<group>"; };
		A0B32BD8211CFE6B00AA5B41 /* TarifasCRE.swift */ = {isa = PBXFileReference; lastKnownFileType = sourcecode.swift; path = TarifasCRE.swift; sourceTree = "<group>"; };
		A0B32BDB211CFEAC00AA5B41 /* CRERatesViewController.swift */ = {isa = PBXFileReference; lastKnownFileType = sourcecode.swift; path = CRERatesViewController.swift; sourceTree = "<group>"; };
		A0B32BDE211CFEDB00AA5B41 /* CRERateCellNde.swift */ = {isa = PBXFileReference; lastKnownFileType = sourcecode.swift; path = CRERateCellNde.swift; sourceTree = "<group>"; };
		A0B32BE1211CFF1B00AA5B41 /* CRERatesDelegate.swift */ = {isa = PBXFileReference; lastKnownFileType = sourcecode.swift; path = CRERatesDelegate.swift; sourceTree = "<group>"; };
		A0B32BE4211CFF5800AA5B41 /* CRERatesDataManager.swift */ = {isa = PBXFileReference; lastKnownFileType = sourcecode.swift; path = CRERatesDataManager.swift; sourceTree = "<group>"; };
		A0B32BE6211D036D00AA5B41 /* NewLocationRequestParameters.swift */ = {isa = PBXFileReference; lastKnownFileType = sourcecode.swift; path = NewLocationRequestParameters.swift; sourceTree = "<group>"; };
		A0B32BE8211D03F700AA5B41 /* NewLocationResponse.swift */ = {isa = PBXFileReference; lastKnownFileType = sourcecode.swift; path = NewLocationResponse.swift; sourceTree = "<group>"; };
		A0BFB7EE212CF7B400E9CC44 /* UIViewController.swift */ = {isa = PBXFileReference; lastKnownFileType = sourcecode.swift; path = UIViewController.swift; sourceTree = "<group>"; };
		A0BFB7F0212D079A00E9CC44 /* ASDisplayNode.swift */ = {isa = PBXFileReference; lastKnownFileType = sourcecode.swift; path = ASDisplayNode.swift; sourceTree = "<group>"; };
		A0BFB7F2212D178D00E9CC44 /* DeleteLocationResponse.swift */ = {isa = PBXFileReference; lastKnownFileType = sourcecode.swift; path = DeleteLocationResponse.swift; sourceTree = "<group>"; };
		A0BFB7F4212D17F700E9CC44 /* DeleteLocationParameters.swift */ = {isa = PBXFileReference; lastKnownFileType = sourcecode.swift; path = DeleteLocationParameters.swift; sourceTree = "<group>"; };
		A0CD8ADE211D2A6400235048 /* LocationsMapViewController.swift */ = {isa = PBXFileReference; lastKnownFileType = sourcecode.swift; path = LocationsMapViewController.swift; sourceTree = "<group>"; };
		A0CD8AE2211D548100235048 /* LocationsMapCell.swift */ = {isa = PBXFileReference; lastKnownFileType = sourcecode.swift; path = LocationsMapCell.swift; sourceTree = "<group>"; };
		A0CD8AE5211D54A000235048 /* LocationMapCellDelegate.swift */ = {isa = PBXFileReference; lastKnownFileType = sourcecode.swift; path = LocationMapCellDelegate.swift; sourceTree = "<group>"; };
		A0CD8AE8211D54BC00235048 /* MapLocationsCollectionNodeDataManager.swift */ = {isa = PBXFileReference; lastKnownFileType = sourcecode.swift; path = MapLocationsCollectionNodeDataManager.swift; sourceTree = "<group>"; };
		A0CD8AEA211D54ED00235048 /* MapLocationsCollectionNode.swift */ = {isa = PBXFileReference; lastKnownFileType = sourcecode.swift; path = MapLocationsCollectionNode.swift; sourceTree = "<group>"; };
		A0CD8AEC211D585400235048 /* LocationsMapDelegate.swift */ = {isa = PBXFileReference; lastKnownFileType = sourcecode.swift; path = LocationsMapDelegate.swift; sourceTree = "<group>"; };
		A0CD8AF0211D59EE00235048 /* LocationsMap.swift */ = {isa = PBXFileReference; lastKnownFileType = sourcecode.swift; path = LocationsMap.swift; sourceTree = "<group>"; };
		A0D9A72C210818D400979F07 /* CCTBusinessTabController.swift */ = {isa = PBXFileReference; lastKnownFileType = sourcecode.swift; path = CCTBusinessTabController.swift; sourceTree = "<group>"; };
		A0D9A7302108196300979F07 /* OfflineStorageNameFiles.swift */ = {isa = PBXFileReference; lastKnownFileType = sourcecode.swift; path = OfflineStorageNameFiles.swift; sourceTree = "<group>"; };
		A0D9A73A21081A6900979F07 /* PaymentStatusViewController.swift */ = {isa = PBXFileReference; lastKnownFileType = sourcecode.swift; path = PaymentStatusViewController.swift; sourceTree = "<group>"; };
		A0D9A73C21081AA000979F07 /* Con100tNTService.swift */ = {isa = PBXFileReference; lastKnownFileType = sourcecode.swift; path = Con100tNTService.swift; sourceTree = "<group>"; };
		A0D9A7CC2108209700979F07 /* BusinessHomeNode.swift */ = {isa = PBXFileReference; lastKnownFileType = sourcecode.swift; path = BusinessHomeNode.swift; sourceTree = "<group>"; };
		A0D9A7CE210820FC00979F07 /* PaymentStatusNode.swift */ = {isa = PBXFileReference; lastKnownFileType = sourcecode.swift; path = PaymentStatusNode.swift; sourceTree = "<group>"; };
		A0D9A7D12108214000979F07 /* CCTNode.swift */ = {isa = PBXFileReference; lastKnownFileType = sourcecode.swift; path = CCTNode.swift; sourceTree = "<group>"; };
		A0D9A7D32108217900979F07 /* CTTTextNode.swift */ = {isa = PBXFileReference; lastKnownFileType = sourcecode.swift; path = CTTTextNode.swift; sourceTree = "<group>"; };
		A0D9A7D6210821AC00979F07 /* UIColor.swift */ = {isa = PBXFileReference; lastKnownFileType = sourcecode.swift; path = UIColor.swift; sourceTree = "<group>"; };
		A0D9A7D8210821F900979F07 /* CCTBorderButton.swift */ = {isa = PBXFileReference; lastKnownFileType = sourcecode.swift; path = CCTBorderButton.swift; sourceTree = "<group>"; };
		A0D9A7DB2108222F00979F07 /* CCTTitleValueHorizontalStack.swift */ = {isa = PBXFileReference; lastKnownFileType = sourcecode.swift; path = CCTTitleValueHorizontalStack.swift; sourceTree = "<group>"; };
		A0D9A7DD2108228700979F07 /* HomeLocationNode.swift */ = {isa = PBXFileReference; lastKnownFileType = sourcecode.swift; path = HomeLocationNode.swift; sourceTree = "<group>"; };
		A0D9A7DF210822EF00979F07 /* BusinessEnergyConsumptionNode.swift */ = {isa = PBXFileReference; lastKnownFileType = sourcecode.swift; path = BusinessEnergyConsumptionNode.swift; sourceTree = "<group>"; };
		A0D9A7E12108231700979F07 /* BasicConsumptionNode.swift */ = {isa = PBXFileReference; lastKnownFileType = sourcecode.swift; path = BasicConsumptionNode.swift; sourceTree = "<group>"; };
		A0D9A7E32108235C00979F07 /* IntermediateConsumptionNode.swift */ = {isa = PBXFileReference; lastKnownFileType = sourcecode.swift; path = IntermediateConsumptionNode.swift; sourceTree = "<group>"; };
		A0D9A7E52108237C00979F07 /* TopConsumptionNode.swift */ = {isa = PBXFileReference; lastKnownFileType = sourcecode.swift; path = TopConsumptionNode.swift; sourceTree = "<group>"; };
		A0D9A7E7210823A900979F07 /* TotalConsumptionNode.swift */ = {isa = PBXFileReference; lastKnownFileType = sourcecode.swift; path = TotalConsumptionNode.swift; sourceTree = "<group>"; };
		A0EB67022123A64300D8086E /* RecordsByDayRequestParameters.swift */ = {isa = PBXFileReference; lastKnownFileType = sourcecode.swift; path = RecordsByDayRequestParameters.swift; sourceTree = "<group>"; };
		A0EB67042123A66600D8086E /* RecordsByDayResponse.swift */ = {isa = PBXFileReference; lastKnownFileType = sourcecode.swift; path = RecordsByDayResponse.swift; sourceTree = "<group>"; };
		A0EB67062123A67800D8086E /* MeasurerRecords.swift */ = {isa = PBXFileReference; lastKnownFileType = sourcecode.swift; path = MeasurerRecords.swift; sourceTree = "<group>"; };
		A0EB67082123A69100D8086E /* MeasurerRecord.swift */ = {isa = PBXFileReference; lastKnownFileType = sourcecode.swift; path = MeasurerRecord.swift; sourceTree = "<group>"; };
		A0EB670C2123A83B00D8086E /* HistoricalChartOfActitivyViewController.swift */ = {isa = PBXFileReference; lastKnownFileType = sourcecode.swift; path = HistoricalChartOfActitivyViewController.swift; sourceTree = "<group>"; };
		A0EB670F2123A86700D8086E /* HistoricalChartOfActitivyDataManager.swift */ = {isa = PBXFileReference; lastKnownFileType = sourcecode.swift; path = HistoricalChartOfActitivyDataManager.swift; sourceTree = "<group>"; };
		D3D6FCD2882FAFCA6EB8FBDA /* Pods_EFI.framework */ = {isa = PBXFileReference; explicitFileType = wrapper.framework; includeInIndex = 0; path = Pods_EFI.framework; sourceTree = BUILT_PRODUCTS_DIR; };
/* End PBXFileReference section */

/* Begin PBXFrameworksBuildPhase section */
		A007C37C210812E70011DB93 /* Frameworks */ = {
			isa = PBXFrameworksBuildPhase;
			buildActionMask = 2147483647;
			files = (
				0BDC5C2D01830097CF64F567 /* Pods_EFI.framework in Frameworks */,
			);
			runOnlyForDeploymentPostprocessing = 0;
		};
/* End PBXFrameworksBuildPhase section */

/* Begin PBXGroup section */
		010E9F2D211A3664006E0D7E /* CalendarViewController */ = {
			isa = PBXGroup;
			children = (
				010E9F3F211A3B7B006E0D7E /* Nodes */,
				010E9F3E211A3B15006E0D7E /* Views */,
				010E9F37211A3832006E0D7E /* Delegates */,
				010E9F30211A37BB006E0D7E /* Helpers */,
				010E9F2E211A379B006E0D7E /* CalendarViewController.swift */,
			);
			path = CalendarViewController;
			sourceTree = "<group>";
		};
		010E9F30211A37BB006E0D7E /* Helpers */ = {
			isa = PBXGroup;
			children = (
				010E9F31211A37CE006E0D7E /* CalendarDataSource.swift */,
				010E9F35211A3813006E0D7E /* CalendarDelegate.swift */,
			);
			path = Helpers;
			sourceTree = "<group>";
		};
		010E9F37211A3832006E0D7E /* Delegates */ = {
			isa = PBXGroup;
			children = (
				010E9F38211A3840006E0D7E /* ShowDayDetailDelegate.swift */,
			);
			path = Delegates;
			sourceTree = "<group>";
		};
		010E9F3E211A3B15006E0D7E /* Views */ = {
			isa = PBXGroup;
			children = (
				010E9F3A211A3A74006E0D7E /* CCTCalendarView.swift */,
			);
			path = Views;
			sourceTree = "<group>";
		};
		010E9F3F211A3B7B006E0D7E /* Nodes */ = {
			isa = PBXGroup;
			children = (
				010E9F40211A3B88006E0D7E /* CalendarNode.swift */,
			);
			path = Nodes;
			sourceTree = "<group>";
		};
		010E9F42211A4752006E0D7E /* RegisterLocationViewController */ = {
			isa = PBXGroup;
			children = (
				010E9F48211A4873006E0D7E /* Nodes */,
				010E9F45211A47C4006E0D7E /* Delegates */,
				010E9F43211A479A006E0D7E /* RegisterLocationViewController.swift */,
			);
			path = RegisterLocationViewController;
			sourceTree = "<group>";
		};
		010E9F45211A47C4006E0D7E /* Delegates */ = {
			isa = PBXGroup;
			children = (
				010E9F46211A47E0006E0D7E /* RegisterLocationDelegate.swift */,
				010E9F4B211A48D8006E0D7E /* RegisterLocationNodeDelegate.swift */,
				010E9F57211A49D9006E0D7E /* RateSelectionDelegate.swift */,
				010E9F5D211A4CF8006E0D7E /* LocationPeriodNodeDelegate.swift */,
			);
			path = Delegates;
			sourceTree = "<group>";
		};
		010E9F48211A4873006E0D7E /* Nodes */ = {
			isa = PBXGroup;
			children = (
				010E9F49211A4880006E0D7E /* RegisterLocationNode.swift */,
				010E9F4F211A492C006E0D7E /* LocationNameNode.swift */,
				010E9F51211A4969006E0D7E /* LocationInitialConNode.swift */,
				010E9F53211A4980006E0D7E /* LocationPeriodNode.swift */,
				010E9F55211A499C006E0D7E /* LocationRateNode.swift */,
				010E9F59211A4C19006E0D7E /* LocationMaximusDemandNode.swift */,
			);
			path = Nodes;
			sourceTree = "<group>";
		};
		010E9F61211A4DEB006E0D7E /* DateChooserViewController */ = {
			isa = PBXGroup;
			children = (
				010E9F69211A4FE5006E0D7E /* Nodes */,
				010E9F64211A4E1A006E0D7E /* Delegate */,
				010E9F65211A4E34006E0D7E /* DateChooserViewController.swift */,
			);
			path = DateChooserViewController;
			sourceTree = "<group>";
		};
		010E9F64211A4E1A006E0D7E /* Delegate */ = {
			isa = PBXGroup;
			children = (
				010E9F62211A4E01006E0D7E /* DateChooserDelegate.swift */,
				010E9F67211A4F8E006E0D7E /* DateChooserNodeDelegate.swift */,
			);
			name = Delegate;
			sourceTree = "<group>";
		};
		010E9F69211A4FE5006E0D7E /* Nodes */ = {
			isa = PBXGroup;
			children = (
				010E9F6A211A4FED006E0D7E /* DateChooserNode.swift */,
				010E9F6C211A5035006E0D7E /* NewDateNode.swift */,
				010E9F6E211A5066006E0D7E /* PreviousDateNode.swift */,
			);
			name = Nodes;
			sourceTree = "<group>";
		};
		01B13137212DB0E300C2D72F /* UserMeasurersViewController */ = {
			isa = PBXGroup;
			children = (
				01B13138212DB10200C2D72F /* UserMeasurersViewController.swift */,
			);
			path = UserMeasurersViewController;
			sourceTree = "<group>";
		};
		01B361CF210F9B1800019102 /* RealtimeActitivyController */ = {
			isa = PBXGroup;
			children = (
				01B361DB210F9D2200019102 /* LayoutSpecs */,
				01B361D4210F9C6800019102 /* Nodes */,
				01B361D0210F9B4100019102 /* RealTimeActivityViewController.swift */,
				01B13135212DABAF00C2D72F /* ActiveMeasurerNodeDelegate.swift */,
			);
			path = RealtimeActitivyController;
			sourceTree = "<group>";
		};
		01B361D4210F9C6800019102 /* Nodes */ = {
			isa = PBXGroup;
			children = (
				01B361D5210F9C7400019102 /* RTActivityNode.swift */,
				01B361D7210F9CD100019102 /* RTVoltageNode.swift */,
				01B361E2210F9F0200019102 /* RTEnergyNode.swift */,
				01B361E8210FA17F00019102 /* RTPowerFactorNode.swift */,
				01B361EA210FA1F900019102 /* RTPowerNode.swift */,
				010E9F29211A22C7006E0D7E /* RTActivelMeasurerNode.swift */,
			);
			path = Nodes;
			sourceTree = "<group>";
		};
		01B361DB210F9D2200019102 /* LayoutSpecs */ = {
			isa = PBXGroup;
			children = (
				01B361D9210F9D0600019102 /* CCTPhasesHorizontalStack.swift */,
				01B361DC210F9D3D00019102 /* CCTPhaseNode.swift */,
				01B361E4210F9F1800019102 /* CCTNeutralPhasesHorizontalStack.swift */,
			);
			path = LayoutSpecs;
			sourceTree = "<group>";
		};
		01B361F0210FAE8B00019102 /* LocationsController */ = {
			isa = PBXGroup;
			children = (
				01B361FB210FB55300019102 /* DataSource */,
				01B361F8210FAFAF00019102 /* Nodes */,
				01B361F5210FAF3E00019102 /* Delegate */,
				01B361F1210FAEBA00019102 /* LocationsViewController.swift */,
			);
			path = LocationsController;
			sourceTree = "<group>";
		};
		01B361F5210FAF3E00019102 /* Delegate */ = {
			isa = PBXGroup;
			children = (
				01B361F6210FAF4900019102 /* LocationCellDelegate.swift */,
			);
			path = Delegate;
			sourceTree = "<group>";
		};
		01B361F8210FAFAF00019102 /* Nodes */ = {
			isa = PBXGroup;
			children = (
				01B361F9210FAFC300019102 /* LocationCellNode.swift */,
			);
			path = Nodes;
			sourceTree = "<group>";
		};
		01B361FB210FB55300019102 /* DataSource */ = {
			isa = PBXGroup;
			children = (
				01B361F3210FAF1800019102 /* LocationsDataManager.swift */,
			);
			path = DataSource;
			sourceTree = "<group>";
		};
		01B361FC210FB70800019102 /* MeasurersController */ = {
			isa = PBXGroup;
			children = (
				A0A223312115397B003FA50C /* Nodes */,
				01B36202210FB7CD00019102 /* Delegate */,
				01B361FF210FB74200019102 /* DataSource */,
				01B361FD210FB71C00019102 /* MeasurersViewController.swift */,
			);
			path = MeasurersController;
			sourceTree = "<group>";
		};
		01B361FF210FB74200019102 /* DataSource */ = {
			isa = PBXGroup;
			children = (
				01B36200210FB75100019102 /* MeasurersDataManager.swift */,
			);
			path = DataSource;
			sourceTree = "<group>";
		};
		01B36202210FB7CD00019102 /* Delegate */ = {
			isa = PBXGroup;
			children = (
				01B36203210FB7DA00019102 /* MeasurerCellNodeDelegate.swift */,
				01B1A6DE211260CD002F0A28 /* RegisterMeasurerDelegate.swift */,
			);
			path = Delegate;
			sourceTree = "<group>";
		};
		01B3620B210FC4AE00019102 /* RegisterMeasurerController */ = {
			isa = PBXGroup;
			children = (
				A040D5B3210FF3C40004599E /* Delegates */,
				01B3620E210FC53100019102 /* Nodes */,
				01B3620C210FC4D800019102 /* MeasurerConfigurationViewController.swift */,
			);
			path = RegisterMeasurerController;
			sourceTree = "<group>";
		};
		01B3620E210FC53100019102 /* Nodes */ = {
			isa = PBXGroup;
			children = (
				01B3620F210FC54500019102 /* RegisterMeasurerNode.swift */,
				A040D5A8210FF25E0004599E /* MeasurerNickNameNode.swift */,
				A040D5AD210FF3160004599E /* EnergyMultiplierNode.swift */,
				A040D5AF210FF3490004599E /* VoltageMultiplierNode.swift */,
				A040D5B1210FF38F0004599E /* MeasurerNode.swift */,
				A040D5B8210FF5140004599E /* MeasurerAlarmNode.swift */,
			);
			path = Nodes;
			sourceTree = "<group>";
		};
		01BBF831210A48C8001EA9B9 /* Delegates */ = {
			isa = PBXGroup;
			children = (
				01BBF82F210A48BE001EA9B9 /* HomeLocationNodeDelegate.swift */,
			);
			path = Delegates;
			sourceTree = "<group>";
		};
		224531BDEA65A4D0B65E2083 /* Frameworks */ = {
			isa = PBXGroup;
			children = (
				D3D6FCD2882FAFCA6EB8FBDA /* Pods_EFI.framework */,
			);
			name = Frameworks;
			sourceTree = "<group>";
		};
		2C724E790CC246D060927789 /* Pods */ = {
			isa = PBXGroup;
			children = (
				071BACF4C564F5C3D3E2CED5 /* Pods-EFI.debug.xcconfig */,
				54F8C5C1FD8F61BF74E6BFF6 /* Pods-EFI.release.xcconfig */,
			);
			name = Pods;
			sourceTree = "<group>";
		};
		A007C376210812E70011DB93 = {
			isa = PBXGroup;
			children = (
				A007C381210812E70011DB93 /* EFI */,
				A007C380210812E70011DB93 /* Products */,
				2C724E790CC246D060927789 /* Pods */,
				224531BDEA65A4D0B65E2083 /* Frameworks */,
			);
			sourceTree = "<group>";
		};
		A007C380210812E70011DB93 /* Products */ = {
			isa = PBXGroup;
			children = (
				A007C37F210812E70011DB93 /* EFI.app */,
			);
			name = Products;
			sourceTree = "<group>";
		};
		A007C381210812E70011DB93 /* EFI */ = {
			isa = PBXGroup;
			children = (
				01B13137212DB0E300C2D72F /* UserMeasurersViewController */,
				A0EB670A2123A80100D8086E /* HistoricalChartOfActitivyViewController */,
				A0CD8ADD211D2A3B00235048 /* LocationsMapViewController */,
				A0CD8ADC211D2A2200235048 /* RateSelectionViewControllers */,
				010E9F61211A4DEB006E0D7E /* DateChooserViewController */,
				010E9F42211A4752006E0D7E /* RegisterLocationViewController */,
				010E9F2D211A3664006E0D7E /* CalendarViewController */,
				A040D5BE211001170004599E /* MeasurerScannerController */,
				A0D9A72E210818D800979F07 /* CCTBusinessTabController */,
				01B3620B210FC4AE00019102 /* RegisterMeasurerController */,
				A0D9A73921081A5800979F07 /* BusinessHomeController */,
				01B361FC210FB70800019102 /* MeasurersController */,
				01B361F0210FAE8B00019102 /* LocationsController */,
				01B361CF210F9B1800019102 /* RealtimeActitivyController */,
				A0D9A7D02108213000979F07 /* Nodes */,
				A0D9A7D52108219E00979F07 /* Extensions */,
				A0D9A732210819A100979F07 /* Models */,
				A0D9A7DA2108221500979F07 /* LayoutSpecs */,
				A0D9A72F2108194E00979F07 /* Enums */,
				A007C382210812E70011DB93 /* AppDelegate.swift */,
				A007C389210812E90011DB93 /* Assets.xcassets */,
				A007C38B210812E90011DB93 /* LaunchScreen.storyboard */,
				A007C38E210812E90011DB93 /* Info.plist */,
				A0D9A73C21081AA000979F07 /* Con100tNTService.swift */,
				01BBF827210A4567001EA9B9 /* CCTApiService.swift */,
			);
			path = EFI;
			sourceTree = "<group>";
		};
		A040D5B3210FF3C40004599E /* Delegates */ = {
			isa = PBXGroup;
			children = (
				A040D5B4210FF4130004599E /* MeasurerNodeDelegate.swift */,
				A040D5BA210FFE8D0004599E /* MeasurerScannerDelegate.swift */,
				01B1A6DC21125A55002F0A28 /* RegisterMeasurerNodeDelegate.swift */,
			);
			path = Delegates;
			sourceTree = "<group>";
		};
		A040D5BE211001170004599E /* MeasurerScannerController */ = {
			isa = PBXGroup;
			children = (
				A040D5BF2110012C0004599E /* MeasurerScannerViewController.swift */,
			);
			path = MeasurerScannerController;
			sourceTree = "<group>";
		};
		A0A223312115397B003FA50C /* Nodes */ = {
			isa = PBXGroup;
			children = (
				01B36205210FB8D600019102 /* MeasurerCellNode.swift */,
				A0A2232F21153977003FA50C /* EmptyMeasurersCellNode.swift */,
			);
			path = Nodes;
			sourceTree = "<group>";
		};
		A0B32BB4211CFB9B00AA5B41 /* StatesViewController */ = {
			isa = PBXGroup;
			children = (
				A0B32BBD211CFC5C00AA5B41 /* DataManager */,
				A0B32BBA211CFC1500AA5B41 /* Delegates */,
				A0B32BB7211CFBC300AA5B41 /* CellNode */,
				A0B32BB5211CFBB700AA5B41 /* StatesViewController.swift */,
			);
			path = StatesViewController;
			sourceTree = "<group>";
		};
		A0B32BB7211CFBC300AA5B41 /* CellNode */ = {
			isa = PBXGroup;
			children = (
				A0B32BB8211CFBD500AA5B41 /* StateCellNode.swift */,
			);
			path = CellNode;
			sourceTree = "<group>";
		};
		A0B32BBA211CFC1500AA5B41 /* Delegates */ = {
			isa = PBXGroup;
			children = (
				A0B32BBB211CFC2B00AA5B41 /* NationalStatesDelegate.swift */,
			);
			path = Delegates;
			sourceTree = "<group>";
		};
		A0B32BBD211CFC5C00AA5B41 /* DataManager */ = {
			isa = PBXGroup;
			children = (
				A0B32BBE211CFC6B00AA5B41 /* StatesTableManager.swift */,
			);
			path = DataManager;
			sourceTree = "<group>";
		};
		A0B32BC0211CFC9600AA5B41 /* CountiesViewController */ = {
			isa = PBXGroup;
			children = (
				A0B32BC7211CFCF900AA5B41 /* CellNode */,
				A0B32BC4211CFCD200AA5B41 /* Delegates */,
				A0B32BC3211CFCC900AA5B41 /* DataManager */,
				A0B32BC1211CFC9E00AA5B41 /* CountiesViewController.swift */,
			);
			path = CountiesViewController;
			sourceTree = "<group>";
		};
		A0B32BC3211CFCC900AA5B41 /* DataManager */ = {
			isa = PBXGroup;
			children = (
				A0B32BC5211CFCDA00AA5B41 /* TownsDataManager.swift */,
			);
			path = DataManager;
			sourceTree = "<group>";
		};
		A0B32BC4211CFCD200AA5B41 /* Delegates */ = {
			isa = PBXGroup;
			children = (
				A0B32BCA211CFD2A00AA5B41 /* StateTownsDelegate.swift */,
			);
			path = Delegates;
			sourceTree = "<group>";
		};
		A0B32BC7211CFCF900AA5B41 /* CellNode */ = {
			isa = PBXGroup;
			children = (
				A0B32BC8211CFD0C00AA5B41 /* CountyCellNode.swift */,
			);
			path = CellNode;
			sourceTree = "<group>";
		};
		A0B32BCC211CFD4D00AA5B41 /* ElectricalDivisionsViewController */ = {
			isa = PBXGroup;
			children = (
				A0B32BD5211CFDC300AA5B41 /* Delegate */,
				A0B32BD2211CFDA700AA5B41 /* DataManager */,
				A0B32BCF211CFD6B00AA5B41 /* CellNode */,
				A0B32BCD211CFD5600AA5B41 /* ElectricalDivisionsViewController.swift */,
			);
			path = ElectricalDivisionsViewController;
			sourceTree = "<group>";
		};
		A0B32BCF211CFD6B00AA5B41 /* CellNode */ = {
			isa = PBXGroup;
			children = (
				A0B32BD0211CFD8A00AA5B41 /* ElectricalDivisionCellNode.swift */,
			);
			path = CellNode;
			sourceTree = "<group>";
		};
		A0B32BD2211CFDA700AA5B41 /* DataManager */ = {
			isa = PBXGroup;
			children = (
				A0B32BD3211CFDB500AA5B41 /* ElectricalDivisionDataManager.swift */,
			);
			path = DataManager;
			sourceTree = "<group>";
		};
		A0B32BD5211CFDC300AA5B41 /* Delegate */ = {
			isa = PBXGroup;
			children = (
				A0B32BD6211CFDCE00AA5B41 /* ElectricalDivisionDelegate.swift */,
			);
			path = Delegate;
			sourceTree = "<group>";
		};
		A0B32BDA211CFEA200AA5B41 /* CRERatesViewController */ = {
			isa = PBXGroup;
			children = (
				A0B32BE3211CFF4900AA5B41 /* DataManager */,
				A0B32BE0211CFF0700AA5B41 /* Delegates */,
				A0B32BDD211CFECE00AA5B41 /* Cellnode */,
				A0B32BDB211CFEAC00AA5B41 /* CRERatesViewController.swift */,
			);
			path = CRERatesViewController;
			sourceTree = "<group>";
		};
		A0B32BDD211CFECE00AA5B41 /* Cellnode */ = {
			isa = PBXGroup;
			children = (
				A0B32BDE211CFEDB00AA5B41 /* CRERateCellNde.swift */,
			);
			path = Cellnode;
			sourceTree = "<group>";
		};
		A0B32BE0211CFF0700AA5B41 /* Delegates */ = {
			isa = PBXGroup;
			children = (
				A0B32BE1211CFF1B00AA5B41 /* CRERatesDelegate.swift */,
			);
			path = Delegates;
			sourceTree = "<group>";
		};
		A0B32BE3211CFF4900AA5B41 /* DataManager */ = {
			isa = PBXGroup;
			children = (
				A0B32BE4211CFF5800AA5B41 /* CRERatesDataManager.swift */,
			);
			path = DataManager;
			sourceTree = "<group>";
		};
		A0CD8ADC211D2A2200235048 /* RateSelectionViewControllers */ = {
			isa = PBXGroup;
			children = (
				A0B32BDA211CFEA200AA5B41 /* CRERatesViewController */,
				A0B32BCC211CFD4D00AA5B41 /* ElectricalDivisionsViewController */,
				A0B32BC0211CFC9600AA5B41 /* CountiesViewController */,
				A0B32BB4211CFB9B00AA5B41 /* StatesViewController */,
			);
			path = RateSelectionViewControllers;
			sourceTree = "<group>";
		};
		A0CD8ADD211D2A3B00235048 /* LocationsMapViewController */ = {
			isa = PBXGroup;
			children = (
				A0CD8AEF211D59D900235048 /* Nodes */,
				A0CD8AEE211D585A00235048 /* Delegates */,
				A0CD8AE0211D546E00235048 /* CollectionNode */,
				A0CD8ADE211D2A6400235048 /* LocationsMapViewController.swift */,
			);
			path = LocationsMapViewController;
			sourceTree = "<group>";
		};
		A0CD8AE0211D546E00235048 /* CollectionNode */ = {
			isa = PBXGroup;
			children = (
				A0CD8AEA211D54ED00235048 /* MapLocationsCollectionNode.swift */,
				A0CD8AE4211D549600235048 /* Delegate */,
				A0CD8AE7211D54AD00235048 /* DataManager */,
				A0CD8AE1211D547300235048 /* CellNode */,
			);
			path = CollectionNode;
			sourceTree = "<group>";
		};
		A0CD8AE1211D547300235048 /* CellNode */ = {
			isa = PBXGroup;
			children = (
				A0CD8AE2211D548100235048 /* LocationsMapCell.swift */,
			);
			path = CellNode;
			sourceTree = "<group>";
		};
		A0CD8AE4211D549600235048 /* Delegate */ = {
			isa = PBXGroup;
			children = (
				A0CD8AE5211D54A000235048 /* LocationMapCellDelegate.swift */,
			);
			path = Delegate;
			sourceTree = "<group>";
		};
		A0CD8AE7211D54AD00235048 /* DataManager */ = {
			isa = PBXGroup;
			children = (
				A0CD8AE8211D54BC00235048 /* MapLocationsCollectionNodeDataManager.swift */,
			);
			path = DataManager;
			sourceTree = "<group>";
		};
		A0CD8AEE211D585A00235048 /* Delegates */ = {
			isa = PBXGroup;
			children = (
				A0CD8AEC211D585400235048 /* LocationsMapDelegate.swift */,
			);
			path = Delegates;
			sourceTree = "<group>";
		};
		A0CD8AEF211D59D900235048 /* Nodes */ = {
			isa = PBXGroup;
			children = (
				A0CD8AF0211D59EE00235048 /* LocationsMap.swift */,
			);
			path = Nodes;
			sourceTree = "<group>";
		};
		A0D9A72E210818D800979F07 /* CCTBusinessTabController */ = {
			isa = PBXGroup;
			children = (
				A0D9A72C210818D400979F07 /* CCTBusinessTabController.swift */,
			);
			path = CCTBusinessTabController;
			sourceTree = "<group>";
		};
		A0D9A72F2108194E00979F07 /* Enums */ = {
			isa = PBXGroup;
			children = (
				01B361E6210FA02300019102 /* ElectricalVariables.swift */,
				A0D9A7302108196300979F07 /* OfflineStorageNameFiles.swift */,
				01B361DE210F9DC500019102 /* PhaseIdentifier.swift */,
				010E9F2B211A289F006E0D7E /* ConfigurationMode.swift */,
				010E9F5F211A4D23006E0D7E /* DateType.swift */,
			);
			path = Enums;
			sourceTree = "<group>";
		};
		A0D9A732210819A100979F07 /* Models */ = {
			isa = PBXGroup;
			children = (
				01BBF829210A4677001EA9B9 /* Location.swift */,
				01BBF82B210A46AE001EA9B9 /* LocationsRequestParameters.swift */,
				01BBF82D210A46CC001EA9B9 /* LocationsResponse.swift */,
				01B361E0210F9E6700019102 /* Phases.swift */,
				A040D5B6210FF4A30004599E /* RegisterMeasurerRequestParameters.swift */,
				A07DE61921100391008D678A /* MeasurersResponse.swift */,
				A07DE61B211003E2008D678A /* InstantActivity.swift */,
				A07DE61D211003FB008D678A /* EnergyPower.swift */,
				A07DE61F21100416008D678A /* Measurer.swift */,
				A07DE62121100453008D678A /* MeasurersRequestParameters.swift */,
				01BB0CA3211238A900830A09 /* DeleteMeasurerResponse.swift */,
				01BB0CA5211238D300830A09 /* DeleteMeasurerRequestParameters.swift */,
				01B1A6DA211259A6002F0A28 /* NewMeasurerResponse.swift */,
				010E9F3C211A3AD5006E0D7E /* CRERate.swift */,
				010E9F4D211A4913006E0D7E /* RateForLocationRequestParameters.swift */,
				010E9F70211A59AB006E0D7E /* State.swift */,
				010E9F72211A59EE006E0D7E /* States.swift */,
				010E9F74211A5A53006E0D7E /* County.swift */,
				010E9F76211A5A7B006E0D7E /* Counties.swift */,
				010E9F78211A5B04006E0D7E /* CountyRequestParameters.swift */,
				010E9F7A211A5B33006E0D7E /* ElectricalDivision.swift */,
				010E9F7C211A5B4E006E0D7E /* ElectricalDivisionRequestParameters.swift */,
				010E9F7E211A5B74006E0D7E /* ElectricalDivisions.swift */,
				A0B32BD8211CFE6B00AA5B41 /* TarifasCRE.swift */,
				A0B32BE6211D036D00AA5B41 /* NewLocationRequestParameters.swift */,
				A0B32BE8211D03F700AA5B41 /* NewLocationResponse.swift */,
				A0EB67022123A64300D8086E /* RecordsByDayRequestParameters.swift */,
				A0EB67042123A66600D8086E /* RecordsByDayResponse.swift */,
				A0EB67062123A67800D8086E /* MeasurerRecords.swift */,
				A0EB67082123A69100D8086E /* MeasurerRecord.swift */,
				A0BFB7F2212D178D00E9CC44 /* DeleteLocationResponse.swift */,
				A0BFB7F4212D17F700E9CC44 /* DeleteLocationParameters.swift */,
				01B13133212DAA1000C2D72F /* LocationsListResponse.swift */,
				01B1313A212DB9A100C2D72F /* InstantActivityRequestParameters.swift */,
				01B1313C212DB9DA00C2D72F /* InstantActivityResponse.swift */,
			);
			path = Models;
			sourceTree = "<group>";
		};
		A0D9A73921081A5800979F07 /* BusinessHomeController */ = {
			isa = PBXGroup;
			children = (
				01BBF831210A48C8001EA9B9 /* Delegates */,
				A0D9A7CB2108205500979F07 /* Nodes */,
				A0D9A73A21081A6900979F07 /* PaymentStatusViewController.swift */,
			);
			path = BusinessHomeController;
			sourceTree = "<group>";
		};
		A0D9A7CB2108205500979F07 /* Nodes */ = {
			isa = PBXGroup;
			children = (
				A0D9A7CC2108209700979F07 /* BusinessHomeNode.swift */,
				A0D9A7CE210820FC00979F07 /* PaymentStatusNode.swift */,
				A0D9A7DD2108228700979F07 /* HomeLocationNode.swift */,
				A0D9A7DF210822EF00979F07 /* BusinessEnergyConsumptionNode.swift */,
				A0D9A7E12108231700979F07 /* BasicConsumptionNode.swift */,
				A0D9A7E32108235C00979F07 /* IntermediateConsumptionNode.swift */,
				A0D9A7E52108237C00979F07 /* TopConsumptionNode.swift */,
				A0D9A7E7210823A900979F07 /* TotalConsumptionNode.swift */,
			);
			path = Nodes;
			sourceTree = "<group>";
		};
		A0D9A7D02108213000979F07 /* Nodes */ = {
			isa = PBXGroup;
			children = (
				A0D9A7D12108214000979F07 /* CCTNode.swift */,
				A0D9A7D32108217900979F07 /* CTTTextNode.swift */,
				A0D9A7D8210821F900979F07 /* CCTBorderButton.swift */,
				010E9F5B211A4C57006E0D7E /* CTTIconButton.swift */,
			);
			path = Nodes;
			sourceTree = "<group>";
		};
		A0D9A7D52108219E00979F07 /* Extensions */ = {
			isa = PBXGroup;
			children = (
				A0D9A7D6210821AC00979F07 /* UIColor.swift */,
				A040D5AB210FF2C40004599E /* ASEditableTextNode.swift */,
				010E9F33211A37F8006E0D7E /* Date.swift */,
				A0BFB7EE212CF7B400E9CC44 /* UIViewController.swift */,
				A0BFB7F0212D079A00E9CC44 /* ASDisplayNode.swift */,
			);
			path = Extensions;
			sourceTree = "<group>";
		};
		A0D9A7DA2108221500979F07 /* LayoutSpecs */ = {
			isa = PBXGroup;
			children = (
				A0D9A7DB2108222F00979F07 /* CCTTitleValueHorizontalStack.swift */,
			);
			path = LayoutSpecs;
			sourceTree = "<group>";
		};
		A0EB670A2123A80100D8086E /* HistoricalChartOfActitivyViewController */ = {
			isa = PBXGroup;
			children = (
				A0EB670E2123A85C00D8086E /* DataManager */,
				A0EB670C2123A83B00D8086E /* HistoricalChartOfActitivyViewController.swift */,
			);
			path = HistoricalChartOfActitivyViewController;
			sourceTree = "<group>";
		};
		A0EB670E2123A85C00D8086E /* DataManager */ = {
			isa = PBXGroup;
			children = (
				A0EB670F2123A86700D8086E /* HistoricalChartOfActitivyDataManager.swift */,
			);
			path = DataManager;
			sourceTree = "<group>";
		};
/* End PBXGroup section */

/* Begin PBXNativeTarget section */
		A007C37E210812E70011DB93 /* EFI */ = {
			isa = PBXNativeTarget;
			buildConfigurationList = A007C391210812E90011DB93 /* Build configuration list for PBXNativeTarget "EFI" */;
			buildPhases = (
				C72D35AE33B39D7BA7B93A82 /* [CP] Check Pods Manifest.lock */,
				A007C37B210812E70011DB93 /* Sources */,
				A007C37C210812E70011DB93 /* Frameworks */,
				A007C37D210812E70011DB93 /* Resources */,
				EDB442B7EABF9B51A8C41F82 /* [CP] Embed Pods Frameworks */,
			);
			buildRules = (
			);
			dependencies = (
			);
			name = EFI;
			productName = EFI;
			productReference = A007C37F210812E70011DB93 /* EFI.app */;
			productType = "com.apple.product-type.application";
		};
/* End PBXNativeTarget section */

/* Begin PBXProject section */
		A007C377210812E70011DB93 /* Project object */ = {
			isa = PBXProject;
			attributes = {
				LastSwiftUpdateCheck = 0940;
				LastUpgradeCheck = 0940;
				ORGANIZATIONNAME = "LUIS ENRIQUE MEDINA GALVAN";
				TargetAttributes = {
					A007C37E210812E70011DB93 = {
						CreatedOnToolsVersion = 9.4.1;
					};
				};
			};
			buildConfigurationList = A007C37A210812E70011DB93 /* Build configuration list for PBXProject "EFI" */;
			compatibilityVersion = "Xcode 9.3";
			developmentRegion = en;
			hasScannedForEncodings = 0;
			knownRegions = (
				en,
				Base,
			);
			mainGroup = A007C376210812E70011DB93;
			productRefGroup = A007C380210812E70011DB93 /* Products */;
			projectDirPath = "";
			projectRoot = "";
			targets = (
				A007C37E210812E70011DB93 /* EFI */,
			);
		};
/* End PBXProject section */

/* Begin PBXResourcesBuildPhase section */
		A007C37D210812E70011DB93 /* Resources */ = {
			isa = PBXResourcesBuildPhase;
			buildActionMask = 2147483647;
			files = (
				A007C38D210812E90011DB93 /* LaunchScreen.storyboard in Resources */,
				A007C38A210812E90011DB93 /* Assets.xcassets in Resources */,
			);
			runOnlyForDeploymentPostprocessing = 0;
		};
/* End PBXResourcesBuildPhase section */

/* Begin PBXShellScriptBuildPhase section */
		C72D35AE33B39D7BA7B93A82 /* [CP] Check Pods Manifest.lock */ = {
			isa = PBXShellScriptBuildPhase;
			buildActionMask = 2147483647;
			files = (
			);
			inputPaths = (
				"${PODS_PODFILE_DIR_PATH}/Podfile.lock",
				"${PODS_ROOT}/Manifest.lock",
			);
			name = "[CP] Check Pods Manifest.lock";
			outputPaths = (
				"$(DERIVED_FILE_DIR)/Pods-EFI-checkManifestLockResult.txt",
			);
			runOnlyForDeploymentPostprocessing = 0;
			shellPath = /bin/sh;
			shellScript = "diff \"${PODS_PODFILE_DIR_PATH}/Podfile.lock\" \"${PODS_ROOT}/Manifest.lock\" > /dev/null\nif [ $? != 0 ] ; then\n    # print error to STDERR\n    echo \"error: The sandbox is not in sync with the Podfile.lock. Run 'pod install' or update your CocoaPods installation.\" >&2\n    exit 1\nfi\n# This output is used by Xcode 'outputs' to avoid re-running this script phase.\necho \"SUCCESS\" > \"${SCRIPT_OUTPUT_FILE_0}\"\n";
			showEnvVarsInLog = 0;
		};
		EDB442B7EABF9B51A8C41F82 /* [CP] Embed Pods Frameworks */ = {
			isa = PBXShellScriptBuildPhase;
			buildActionMask = 2147483647;
			files = (
			);
			inputPaths = (
				"${SRCROOT}/Pods/Target Support Files/Pods-EFI/Pods-EFI-frameworks.sh",
				"${BUILT_PRODUCTS_DIR}/Charts/Charts.framework",
				"${BUILT_PRODUCTS_DIR}/Disk/Disk.framework",
				"${BUILT_PRODUCTS_DIR}/FSCalendar/FSCalendar.framework",
				"${BUILT_PRODUCTS_DIR}/Fakery/Fakery.framework",
				"${BUILT_PRODUCTS_DIR}/FlexibleGauge/FlexibleGauge.framework",
				"${BUILT_PRODUCTS_DIR}/IQKeyboardManagerSwift/IQKeyboardManagerSwift.framework",
				"${BUILT_PRODUCTS_DIR}/PINCache/PINCache.framework",
				"${BUILT_PRODUCTS_DIR}/PINOperation/PINOperation.framework",
				"${BUILT_PRODUCTS_DIR}/PINRemoteImage/PINRemoteImage.framework",
				"${BUILT_PRODUCTS_DIR}/ReachabilitySwift/Reachability.framework",
				"${BUILT_PRODUCTS_DIR}/StatusAlert/StatusAlert.framework",
				"${BUILT_PRODUCTS_DIR}/Texture/AsyncDisplayKit.framework",
			);
			name = "[CP] Embed Pods Frameworks";
			outputPaths = (
				"${TARGET_BUILD_DIR}/${FRAMEWORKS_FOLDER_PATH}/Charts.framework",
				"${TARGET_BUILD_DIR}/${FRAMEWORKS_FOLDER_PATH}/Disk.framework",
				"${TARGET_BUILD_DIR}/${FRAMEWORKS_FOLDER_PATH}/FSCalendar.framework",
				"${TARGET_BUILD_DIR}/${FRAMEWORKS_FOLDER_PATH}/Fakery.framework",
				"${TARGET_BUILD_DIR}/${FRAMEWORKS_FOLDER_PATH}/FlexibleGauge.framework",
				"${TARGET_BUILD_DIR}/${FRAMEWORKS_FOLDER_PATH}/IQKeyboardManagerSwift.framework",
				"${TARGET_BUILD_DIR}/${FRAMEWORKS_FOLDER_PATH}/PINCache.framework",
				"${TARGET_BUILD_DIR}/${FRAMEWORKS_FOLDER_PATH}/PINOperation.framework",
				"${TARGET_BUILD_DIR}/${FRAMEWORKS_FOLDER_PATH}/PINRemoteImage.framework",
				"${TARGET_BUILD_DIR}/${FRAMEWORKS_FOLDER_PATH}/Reachability.framework",
				"${TARGET_BUILD_DIR}/${FRAMEWORKS_FOLDER_PATH}/StatusAlert.framework",
				"${TARGET_BUILD_DIR}/${FRAMEWORKS_FOLDER_PATH}/AsyncDisplayKit.framework",
			);
			runOnlyForDeploymentPostprocessing = 0;
			shellPath = /bin/sh;
			shellScript = "\"${SRCROOT}/Pods/Target Support Files/Pods-EFI/Pods-EFI-frameworks.sh\"\n";
			showEnvVarsInLog = 0;
		};
/* End PBXShellScriptBuildPhase section */

/* Begin PBXSourcesBuildPhase section */
		A007C37B210812E70011DB93 /* Sources */ = {
			isa = PBXSourcesBuildPhase;
			buildActionMask = 2147483647;
			files = (
				01BB0CA6211238D300830A09 /* DeleteMeasurerRequestParameters.swift in Sources */,
				01B1A6DD21125A55002F0A28 /* RegisterMeasurerNodeDelegate.swift in Sources */,
				01B13136212DABAF00C2D72F /* ActiveMeasurerNodeDelegate.swift in Sources */,
				A0D9A7D22108214000979F07 /* CCTNode.swift in Sources */,
				010E9F3D211A3AD5006E0D7E /* CRERate.swift in Sources */,
				01B1A6DF211260CD002F0A28 /* RegisterMeasurerDelegate.swift in Sources */,
				A0CD8AE3211D548100235048 /* LocationsMapCell.swift in Sources */,
				01B361E9210FA17F00019102 /* RTPowerFactorNode.swift in Sources */,
				01BBF82E210A46CC001EA9B9 /* LocationsResponse.swift in Sources */,
				A0B32BD4211CFDB500AA5B41 /* ElectricalDivisionDataManager.swift in Sources */,
				A0D9A7CD2108209700979F07 /* BusinessHomeNode.swift in Sources */,
				01B361E3210F9F0200019102 /* RTEnergyNode.swift in Sources */,
				01BBF82A210A4677001EA9B9 /* Location.swift in Sources */,
				A0D9A73D21081AA000979F07 /* Con100tNTService.swift in Sources */,
				010E9F32211A37CE006E0D7E /* CalendarDataSource.swift in Sources */,
				010E9F75211A5A53006E0D7E /* County.swift in Sources */,
				A040D5BB210FFE8D0004599E /* MeasurerScannerDelegate.swift in Sources */,
				A0D9A7CF210820FC00979F07 /* PaymentStatusNode.swift in Sources */,
				01B361F2210FAEBA00019102 /* LocationsViewController.swift in Sources */,
				01BBF830210A48BE001EA9B9 /* HomeLocationNodeDelegate.swift in Sources */,
				A040D5B5210FF4130004599E /* MeasurerNodeDelegate.swift in Sources */,
				010E9F41211A3B88006E0D7E /* CalendarNode.swift in Sources */,
				A07DE61A21100391008D678A /* MeasurersResponse.swift in Sources */,
				01B361FE210FB71C00019102 /* MeasurersViewController.swift in Sources */,
				010E9F5A211A4C19006E0D7E /* LocationMaximusDemandNode.swift in Sources */,
				01B361EB210FA1F900019102 /* RTPowerNode.swift in Sources */,
				01B361E1210F9E6700019102 /* Phases.swift in Sources */,
				01B361DA210F9D0600019102 /* CCTPhasesHorizontalStack.swift in Sources */,
				010E9F7D211A5B4E006E0D7E /* ElectricalDivisionRequestParameters.swift in Sources */,
				A0BFB7F1212D079A00E9CC44 /* ASDisplayNode.swift in Sources */,
				010E9F58211A49D9006E0D7E /* RateSelectionDelegate.swift in Sources */,
				A07DE62021100416008D678A /* Measurer.swift in Sources */,
				A0B32BDC211CFEAC00AA5B41 /* CRERatesViewController.swift in Sources */,
				010E9F63211A4E01006E0D7E /* DateChooserDelegate.swift in Sources */,
				01B1313D212DB9DA00C2D72F /* InstantActivityResponse.swift in Sources */,
				010E9F44211A479A006E0D7E /* RegisterLocationViewController.swift in Sources */,
				A0BFB7EF212CF7B400E9CC44 /* UIViewController.swift in Sources */,
				A0CD8ADF211D2A6400235048 /* LocationsMapViewController.swift in Sources */,
				A0D9A7E42108235C00979F07 /* IntermediateConsumptionNode.swift in Sources */,
				010E9F56211A499C006E0D7E /* LocationRateNode.swift in Sources */,
				010E9F77211A5A7B006E0D7E /* Counties.swift in Sources */,
				A0B32BC6211CFCDA00AA5B41 /* TownsDataManager.swift in Sources */,
				A07DE61C211003E2008D678A /* InstantActivity.swift in Sources */,
				A0B32BBF211CFC6B00AA5B41 /* StatesTableManager.swift in Sources */,
				01B36206210FB8D600019102 /* MeasurerCellNode.swift in Sources */,
				A0D9A7312108196300979F07 /* OfflineStorageNameFiles.swift in Sources */,
				A0D9A7E8210823A900979F07 /* TotalConsumptionNode.swift in Sources */,
				A0D9A7E0210822EF00979F07 /* BusinessEnergyConsumptionNode.swift in Sources */,
				010E9F2F211A379B006E0D7E /* CalendarViewController.swift in Sources */,
				A0D9A7E22108231700979F07 /* BasicConsumptionNode.swift in Sources */,
				A0CD8AEB211D54ED00235048 /* MapLocationsCollectionNode.swift in Sources */,
				010E9F73211A59EE006E0D7E /* States.swift in Sources */,
				010E9F4E211A4913006E0D7E /* RateForLocationRequestParameters.swift in Sources */,
				A0B32BD1211CFD8A00AA5B41 /* ElectricalDivisionCellNode.swift in Sources */,
				A0D9A7D9210821F900979F07 /* CCTBorderButton.swift in Sources */,
				01B3620D210FC4D800019102 /* MeasurerConfigurationViewController.swift in Sources */,
				01B36210210FC54500019102 /* RegisterMeasurerNode.swift in Sources */,
				01B361DF210F9DC500019102 /* PhaseIdentifier.swift in Sources */,
				A0B32BDF211CFEDB00AA5B41 /* CRERateCellNde.swift in Sources */,
				A0D9A7D42108217900979F07 /* CTTTextNode.swift in Sources */,
				A07DE62221100453008D678A /* MeasurersRequestParameters.swift in Sources */,
				A007C383210812E70011DB93 /* AppDelegate.swift in Sources */,
				A0A2233021153977003FA50C /* EmptyMeasurersCellNode.swift in Sources */,
				A0EB67052123A66600D8086E /* RecordsByDayResponse.swift in Sources */,
				A040D5B2210FF38F0004599E /* MeasurerNode.swift in Sources */,
				A0B32BD9211CFE6B00AA5B41 /* TarifasCRE.swift in Sources */,
				A07DE61E211003FB008D678A /* EnergyPower.swift in Sources */,
				01B361F7210FAF4900019102 /* LocationCellDelegate.swift in Sources */,
				A0B32BCE211CFD5600AA5B41 /* ElectricalDivisionsViewController.swift in Sources */,
				A0B32BE7211D036D00AA5B41 /* NewLocationRequestParameters.swift in Sources */,
				A0CD8AED211D585400235048 /* LocationsMapDelegate.swift in Sources */,
				010E9F50211A492C006E0D7E /* LocationNameNode.swift in Sources */,
				010E9F6F211A5066006E0D7E /* PreviousDateNode.swift in Sources */,
				010E9F60211A4D23006E0D7E /* DateType.swift in Sources */,
				01B361E5210F9F1800019102 /* CCTNeutralPhasesHorizontalStack.swift in Sources */,
				010E9F68211A4F8E006E0D7E /* DateChooserNodeDelegate.swift in Sources */,
				A0B32BC9211CFD0C00AA5B41 /* CountyCellNode.swift in Sources */,
				010E9F34211A37F8006E0D7E /* Date.swift in Sources */,
				A0D9A73B21081A6900979F07 /* PaymentStatusViewController.swift in Sources */,
				01B361D6210F9C7400019102 /* RTActivityNode.swift in Sources */,
				A0D9A7DE2108228700979F07 /* HomeLocationNode.swift in Sources */,
				A0CD8AE6211D54A000235048 /* LocationMapCellDelegate.swift in Sources */,
				01BB0CA4211238A900830A09 /* DeleteMeasurerResponse.swift in Sources */,
				A0EB67072123A67800D8086E /* MeasurerRecords.swift in Sources */,
				A0EB670D2123A83B00D8086E /* HistoricalChartOfActitivyViewController.swift in Sources */,
				010E9F2A211A22C7006E0D7E /* RTActivelMeasurerNode.swift in Sources */,
				A040D5B9210FF5140004599E /* MeasurerAlarmNode.swift in Sources */,
				01B361D8210F9CD100019102 /* RTVoltageNode.swift in Sources */,
				A0CD8AE9211D54BC00235048 /* MapLocationsCollectionNodeDataManager.swift in Sources */,
				A0D9A7E62108237C00979F07 /* TopConsumptionNode.swift in Sources */,
				A0B32BE5211CFF5800AA5B41 /* CRERatesDataManager.swift in Sources */,
				A0EB67092123A69100D8086E /* MeasurerRecord.swift in Sources */,
				010E9F4A211A4880006E0D7E /* RegisterLocationNode.swift in Sources */,
				010E9F3B211A3A74006E0D7E /* CCTCalendarView.swift in Sources */,
				A040D5B7210FF4A30004599E /* RegisterMeasurerRequestParameters.swift in Sources */,
				A0B32BB6211CFBB700AA5B41 /* StatesViewController.swift in Sources */,
				010E9F5C211A4C57006E0D7E /* CTTIconButton.swift in Sources */,
				01B361E7210FA02300019102 /* ElectricalVariables.swift in Sources */,
				A0B32BE9211D03F700AA5B41 /* NewLocationResponse.swift in Sources */,
				A0BFB7F5212D17F700E9CC44 /* DeleteLocationParameters.swift in Sources */,
				A040D5AC210FF2C40004599E /* ASEditableTextNode.swift in Sources */,
				01B361F4210FAF1800019102 /* LocationsDataManager.swift in Sources */,
				01B1A6DB211259A6002F0A28 /* NewMeasurerResponse.swift in Sources */,
				A0B32BE2211CFF1B00AA5B41 /* CRERatesDelegate.swift in Sources */,
				A0CD8AF1211D59EE00235048 /* LocationsMap.swift in Sources */,
				010E9F7B211A5B33006E0D7E /* ElectricalDivision.swift in Sources */,
				A0D9A72D210818D400979F07 /* CCTBusinessTabController.swift in Sources */,
				A0BFB7F3212D178D00E9CC44 /* DeleteLocationResponse.swift in Sources */,
				01BBF82C210A46AE001EA9B9 /* LocationsRequestParameters.swift in Sources */,
				01B1313B212DB9A100C2D72F /* InstantActivityRequestParameters.swift in Sources */,
				01B361FA210FAFC300019102 /* LocationCellNode.swift in Sources */,
				01BBF828210A4567001EA9B9 /* CCTApiService.swift in Sources */,
				010E9F39211A3840006E0D7E /* ShowDayDetailDelegate.swift in Sources */,
				01B36204210FB7DA00019102 /* MeasurerCellNodeDelegate.swift in Sources */,
				01B13139212DB10200C2D72F /* UserMeasurersViewController.swift in Sources */,
				A0D9A7DC2108222F00979F07 /* CCTTitleValueHorizontalStack.swift in Sources */,
				010E9F36211A3813006E0D7E /* CalendarDelegate.swift in Sources */,
				010E9F5E211A4CF8006E0D7E /* LocationPeriodNodeDelegate.swift in Sources */,
				A040D5B0210FF3490004599E /* VoltageMultiplierNode.swift in Sources */,
				A0EB67032123A64300D8086E /* RecordsByDayRequestParameters.swift in Sources */,
				A0B32BCB211CFD2A00AA5B41 /* StateTownsDelegate.swift in Sources */,
				A040D5C02110012C0004599E /* MeasurerScannerViewController.swift in Sources */,
				01B361DD210F9D3D00019102 /* CCTPhaseNode.swift in Sources */,
				01B36201210FB75100019102 /* MeasurersDataManager.swift in Sources */,
				010E9F47211A47E0006E0D7E /* RegisterLocationDelegate.swift in Sources */,
				A040D5A9210FF25E0004599E /* MeasurerNickNameNode.swift in Sources */,
				01B361D1210F9B4100019102 /* RealTimeActivityViewController.swift in Sources */,
				010E9F7F211A5B74006E0D7E /* ElectricalDivisions.swift in Sources */,
				010E9F79211A5B04006E0D7E /* CountyRequestParameters.swift in Sources */,
				010E9F4C211A48D8006E0D7E /* RegisterLocationNodeDelegate.swift in Sources */,
				A0D9A7D7210821AC00979F07 /* UIColor.swift in Sources */,
				010E9F71211A59AB006E0D7E /* State.swift in Sources */,
				01B13134212DAA1000C2D72F /* LocationsListResponse.swift in Sources */,
				A040D5AE210FF3160004599E /* EnergyMultiplierNode.swift in Sources */,
				010E9F54211A4980006E0D7E /* LocationPeriodNode.swift in Sources */,
				A0B32BC2211CFC9E00AA5B41 /* CountiesViewController.swift in Sources */,
				010E9F2C211A289F006E0D7E /* ConfigurationMode.swift in Sources */,
				A0EB67102123A86700D8086E /* HistoricalChartOfActitivyDataManager.swift in Sources */,
				010E9F6D211A5035006E0D7E /* NewDateNode.swift in Sources */,
				A0B32BD7211CFDCE00AA5B41 /* ElectricalDivisionDelegate.swift in Sources */,
				010E9F6B211A4FED006E0D7E /* DateChooserNode.swift in Sources */,
				A0B32BBC211CFC2B00AA5B41 /* NationalStatesDelegate.swift in Sources */,
				A0B32BB9211CFBD500AA5B41 /* StateCellNode.swift in Sources */,
				010E9F66211A4E34006E0D7E /* DateChooserViewController.swift in Sources */,
				010E9F52211A4969006E0D7E /* LocationInitialConNode.swift in Sources */,
			);
			runOnlyForDeploymentPostprocessing = 0;
		};
/* End PBXSourcesBuildPhase section */

/* Begin PBXVariantGroup section */
		A007C38B210812E90011DB93 /* LaunchScreen.storyboard */ = {
			isa = PBXVariantGroup;
			children = (
				A007C38C210812E90011DB93 /* Base */,
			);
			name = LaunchScreen.storyboard;
			sourceTree = "<group>";
		};
/* End PBXVariantGroup section */

/* Begin XCBuildConfiguration section */
		A007C38F210812E90011DB93 /* Debug */ = {
			isa = XCBuildConfiguration;
			buildSettings = {
				ALWAYS_SEARCH_USER_PATHS = NO;
				CLANG_ANALYZER_NONNULL = YES;
				CLANG_ANALYZER_NUMBER_OBJECT_CONVERSION = YES_AGGRESSIVE;
				CLANG_CXX_LANGUAGE_STANDARD = "gnu++14";
				CLANG_CXX_LIBRARY = "libc++";
				CLANG_ENABLE_MODULES = YES;
				CLANG_ENABLE_OBJC_ARC = YES;
				CLANG_ENABLE_OBJC_WEAK = YES;
				CLANG_WARN_BLOCK_CAPTURE_AUTORELEASING = YES;
				CLANG_WARN_BOOL_CONVERSION = YES;
				CLANG_WARN_COMMA = YES;
				CLANG_WARN_CONSTANT_CONVERSION = YES;
				CLANG_WARN_DEPRECATED_OBJC_IMPLEMENTATIONS = YES;
				CLANG_WARN_DIRECT_OBJC_ISA_USAGE = YES_ERROR;
				CLANG_WARN_DOCUMENTATION_COMMENTS = YES;
				CLANG_WARN_EMPTY_BODY = YES;
				CLANG_WARN_ENUM_CONVERSION = YES;
				CLANG_WARN_INFINITE_RECURSION = YES;
				CLANG_WARN_INT_CONVERSION = YES;
				CLANG_WARN_NON_LITERAL_NULL_CONVERSION = YES;
				CLANG_WARN_OBJC_IMPLICIT_RETAIN_SELF = YES;
				CLANG_WARN_OBJC_LITERAL_CONVERSION = YES;
				CLANG_WARN_OBJC_ROOT_CLASS = YES_ERROR;
				CLANG_WARN_RANGE_LOOP_ANALYSIS = YES;
				CLANG_WARN_STRICT_PROTOTYPES = YES;
				CLANG_WARN_SUSPICIOUS_MOVE = YES;
				CLANG_WARN_UNGUARDED_AVAILABILITY = YES_AGGRESSIVE;
				CLANG_WARN_UNREACHABLE_CODE = YES;
				CLANG_WARN__DUPLICATE_METHOD_MATCH = YES;
				CODE_SIGN_IDENTITY = "iPhone Developer";
				COPY_PHASE_STRIP = NO;
				DEBUG_INFORMATION_FORMAT = dwarf;
				ENABLE_STRICT_OBJC_MSGSEND = YES;
				ENABLE_TESTABILITY = YES;
				GCC_C_LANGUAGE_STANDARD = gnu11;
				GCC_DYNAMIC_NO_PIC = NO;
				GCC_NO_COMMON_BLOCKS = YES;
				GCC_OPTIMIZATION_LEVEL = 0;
				GCC_PREPROCESSOR_DEFINITIONS = (
					"DEBUG=1",
					"$(inherited)",
				);
				GCC_WARN_64_TO_32_BIT_CONVERSION = YES;
				GCC_WARN_ABOUT_RETURN_TYPE = YES_ERROR;
				GCC_WARN_UNDECLARED_SELECTOR = YES;
				GCC_WARN_UNINITIALIZED_AUTOS = YES_AGGRESSIVE;
				GCC_WARN_UNUSED_FUNCTION = YES;
				GCC_WARN_UNUSED_VARIABLE = YES;
				IPHONEOS_DEPLOYMENT_TARGET = 11.4;
				MTL_ENABLE_DEBUG_INFO = YES;
				ONLY_ACTIVE_ARCH = YES;
				SDKROOT = iphoneos;
				SWIFT_ACTIVE_COMPILATION_CONDITIONS = DEBUG;
				SWIFT_OPTIMIZATION_LEVEL = "-Onone";
			};
			name = Debug;
		};
		A007C390210812E90011DB93 /* Release */ = {
			isa = XCBuildConfiguration;
			buildSettings = {
				ALWAYS_SEARCH_USER_PATHS = NO;
				CLANG_ANALYZER_NONNULL = YES;
				CLANG_ANALYZER_NUMBER_OBJECT_CONVERSION = YES_AGGRESSIVE;
				CLANG_CXX_LANGUAGE_STANDARD = "gnu++14";
				CLANG_CXX_LIBRARY = "libc++";
				CLANG_ENABLE_MODULES = YES;
				CLANG_ENABLE_OBJC_ARC = YES;
				CLANG_ENABLE_OBJC_WEAK = YES;
				CLANG_WARN_BLOCK_CAPTURE_AUTORELEASING = YES;
				CLANG_WARN_BOOL_CONVERSION = YES;
				CLANG_WARN_COMMA = YES;
				CLANG_WARN_CONSTANT_CONVERSION = YES;
				CLANG_WARN_DEPRECATED_OBJC_IMPLEMENTATIONS = YES;
				CLANG_WARN_DIRECT_OBJC_ISA_USAGE = YES_ERROR;
				CLANG_WARN_DOCUMENTATION_COMMENTS = YES;
				CLANG_WARN_EMPTY_BODY = YES;
				CLANG_WARN_ENUM_CONVERSION = YES;
				CLANG_WARN_INFINITE_RECURSION = YES;
				CLANG_WARN_INT_CONVERSION = YES;
				CLANG_WARN_NON_LITERAL_NULL_CONVERSION = YES;
				CLANG_WARN_OBJC_IMPLICIT_RETAIN_SELF = YES;
				CLANG_WARN_OBJC_LITERAL_CONVERSION = YES;
				CLANG_WARN_OBJC_ROOT_CLASS = YES_ERROR;
				CLANG_WARN_RANGE_LOOP_ANALYSIS = YES;
				CLANG_WARN_STRICT_PROTOTYPES = YES;
				CLANG_WARN_SUSPICIOUS_MOVE = YES;
				CLANG_WARN_UNGUARDED_AVAILABILITY = YES_AGGRESSIVE;
				CLANG_WARN_UNREACHABLE_CODE = YES;
				CLANG_WARN__DUPLICATE_METHOD_MATCH = YES;
				CODE_SIGN_IDENTITY = "iPhone Developer";
				COPY_PHASE_STRIP = NO;
				DEBUG_INFORMATION_FORMAT = "dwarf-with-dsym";
				ENABLE_NS_ASSERTIONS = NO;
				ENABLE_STRICT_OBJC_MSGSEND = YES;
				GCC_C_LANGUAGE_STANDARD = gnu11;
				GCC_NO_COMMON_BLOCKS = YES;
				GCC_WARN_64_TO_32_BIT_CONVERSION = YES;
				GCC_WARN_ABOUT_RETURN_TYPE = YES_ERROR;
				GCC_WARN_UNDECLARED_SELECTOR = YES;
				GCC_WARN_UNINITIALIZED_AUTOS = YES_AGGRESSIVE;
				GCC_WARN_UNUSED_FUNCTION = YES;
				GCC_WARN_UNUSED_VARIABLE = YES;
				IPHONEOS_DEPLOYMENT_TARGET = 11.4;
				MTL_ENABLE_DEBUG_INFO = NO;
				SDKROOT = iphoneos;
				SWIFT_COMPILATION_MODE = wholemodule;
				SWIFT_OPTIMIZATION_LEVEL = "-O";
				VALIDATE_PRODUCT = YES;
			};
			name = Release;
		};
		A007C392210812E90011DB93 /* Debug */ = {
			isa = XCBuildConfiguration;
			baseConfigurationReference = 071BACF4C564F5C3D3E2CED5 /* Pods-EFI.debug.xcconfig */;
			buildSettings = {
				ASSETCATALOG_COMPILER_APPICON_NAME = AppIcon;
				CODE_SIGN_STYLE = Automatic;
				DEVELOPMENT_TEAM = GQQ3NDG4CP;
				INFOPLIST_FILE = EFI/Info.plist;
				IPHONEOS_DEPLOYMENT_TARGET = 10.0;
				LD_RUNPATH_SEARCH_PATHS = (
					"$(inherited)",
					"@executable_path/Frameworks",
				);
				PRODUCT_BUNDLE_IDENTIFIER = luis.caro.EFI;
				PRODUCT_NAME = "$(TARGET_NAME)";
				SWIFT_VERSION = 4.0;
				TARGETED_DEVICE_FAMILY = "1,2";
			};
			name = Debug;
		};
		A007C393210812E90011DB93 /* Release */ = {
			isa = XCBuildConfiguration;
			baseConfigurationReference = 54F8C5C1FD8F61BF74E6BFF6 /* Pods-EFI.release.xcconfig */;
			buildSettings = {
				ASSETCATALOG_COMPILER_APPICON_NAME = AppIcon;
				CODE_SIGN_STYLE = Automatic;
				DEVELOPMENT_TEAM = GQQ3NDG4CP;
				INFOPLIST_FILE = EFI/Info.plist;
				IPHONEOS_DEPLOYMENT_TARGET = 10.0;
				LD_RUNPATH_SEARCH_PATHS = (
					"$(inherited)",
					"@executable_path/Frameworks",
				);
				PRODUCT_BUNDLE_IDENTIFIER = luis.caro.EFI;
				PRODUCT_NAME = "$(TARGET_NAME)";
				SWIFT_VERSION = 4.0;
				TARGETED_DEVICE_FAMILY = "1,2";
			};
			name = Release;
		};
/* End XCBuildConfiguration section */

/* Begin XCConfigurationList section */
		A007C37A210812E70011DB93 /* Build configuration list for PBXProject "EFI" */ = {
			isa = XCConfigurationList;
			buildConfigurations = (
				A007C38F210812E90011DB93 /* Debug */,
				A007C390210812E90011DB93 /* Release */,
			);
			defaultConfigurationIsVisible = 0;
			defaultConfigurationName = Release;
		};
		A007C391210812E90011DB93 /* Build configuration list for PBXNativeTarget "EFI" */ = {
			isa = XCConfigurationList;
			buildConfigurations = (
				A007C392210812E90011DB93 /* Debug */,
				A007C393210812E90011DB93 /* Release */,
			);
			defaultConfigurationIsVisible = 0;
			defaultConfigurationName = Release;
		};
/* End XCConfigurationList section */
	};
	rootObject = A007C377210812E70011DB93 /* Project object */;
}
