// !$*UTF8*$!
{
	archiveVersion = 1;
	classes = {
	};
	objectVersion = 50;
	objects = {

/* Begin PBXBuildFile section */
		0BDC5C2D01830097CF64F567 /* Pods_EFI.framework in Frameworks */ = {isa = PBXBuildFile; fileRef = D3D6FCD2882FAFCA6EB8FBDA /* Pods_EFI.framework */; };
		A007C383210812E70011DB93 /* AppDelegate.swift in Sources */ = {isa = PBXBuildFile; fileRef = A007C382210812E70011DB93 /* AppDelegate.swift */; };
		A007C38A210812E90011DB93 /* Assets.xcassets in Resources */ = {isa = PBXBuildFile; fileRef = A007C389210812E90011DB93 /* Assets.xcassets */; };
		A007C38D210812E90011DB93 /* LaunchScreen.storyboard in Resources */ = {isa = PBXBuildFile; fileRef = A007C38B210812E90011DB93 /* LaunchScreen.storyboard */; };
		A0D9A72D210818D400979F07 /* CCTBusinessTabController.swift in Sources */ = {isa = PBXBuildFile; fileRef = A0D9A72C210818D400979F07 /* CCTBusinessTabController.swift */; };
		A0D9A7312108196300979F07 /* OfflineStorageNameFiles.swift in Sources */ = {isa = PBXBuildFile; fileRef = A0D9A7302108196300979F07 /* OfflineStorageNameFiles.swift */; };
		A0D9A73B21081A6900979F07 /* BusinessHomeViewController.swift in Sources */ = {isa = PBXBuildFile; fileRef = A0D9A73A21081A6900979F07 /* BusinessHomeViewController.swift */; };
		A0D9A73D21081AA000979F07 /* Con100tNTService.swift in Sources */ = {isa = PBXBuildFile; fileRef = A0D9A73C21081AA000979F07 /* Con100tNTService.swift */; };
		A0D9A7CD2108209700979F07 /* BusinessHomeNode.swift in Sources */ = {isa = PBXBuildFile; fileRef = A0D9A7CC2108209700979F07 /* BusinessHomeNode.swift */; };
		A0D9A7CF210820FC00979F07 /* PaymentStatusNode.swift in Sources */ = {isa = PBXBuildFile; fileRef = A0D9A7CE210820FC00979F07 /* PaymentStatusNode.swift */; };
		A0D9A7D22108214000979F07 /* CCTNode.swift in Sources */ = {isa = PBXBuildFile; fileRef = A0D9A7D12108214000979F07 /* CCTNode.swift */; };
		A0D9A7D42108217900979F07 /* CTTTextNode.swift in Sources */ = {isa = PBXBuildFile; fileRef = A0D9A7D32108217900979F07 /* CTTTextNode.swift */; };
		A0D9A7D7210821AC00979F07 /* UIColor.swift in Sources */ = {isa = PBXBuildFile; fileRef = A0D9A7D6210821AC00979F07 /* UIColor.swift */; };
		A0D9A7D9210821F900979F07 /* CCTBorderButton.swift in Sources */ = {isa = PBXBuildFile; fileRef = A0D9A7D8210821F900979F07 /* CCTBorderButton.swift */; };
		A0D9A7DC2108222F00979F07 /* CCTTitleValueHorizontalStack.swift in Sources */ = {isa = PBXBuildFile; fileRef = A0D9A7DB2108222F00979F07 /* CCTTitleValueHorizontalStack.swift */; };
		A0D9A7DE2108228700979F07 /* LocalizationNode.swift in Sources */ = {isa = PBXBuildFile; fileRef = A0D9A7DD2108228700979F07 /* LocalizationNode.swift */; };
		A0D9A7E0210822EF00979F07 /* BusinessEnergyConsumptionNode.swift in Sources */ = {isa = PBXBuildFile; fileRef = A0D9A7DF210822EF00979F07 /* BusinessEnergyConsumptionNode.swift */; };
		A0D9A7E22108231700979F07 /* BasicConsumptionNode.swift in Sources */ = {isa = PBXBuildFile; fileRef = A0D9A7E12108231700979F07 /* BasicConsumptionNode.swift */; };
		A0D9A7E42108235C00979F07 /* IntermediateConsumptionNode.swift in Sources */ = {isa = PBXBuildFile; fileRef = A0D9A7E32108235C00979F07 /* IntermediateConsumptionNode.swift */; };
		A0D9A7E62108237C00979F07 /* TopConsumptionNode.swift in Sources */ = {isa = PBXBuildFile; fileRef = A0D9A7E52108237C00979F07 /* TopConsumptionNode.swift */; };
		A0D9A7E8210823A900979F07 /* TotalConsumptionNode.swift in Sources */ = {isa = PBXBuildFile; fileRef = A0D9A7E7210823A900979F07 /* TotalConsumptionNode.swift */; };
/* End PBXBuildFile section */

/* Begin PBXFileReference section */
		071BACF4C564F5C3D3E2CED5 /* Pods-EFI.debug.xcconfig */ = {isa = PBXFileReference; includeInIndex = 1; lastKnownFileType = text.xcconfig; name = "Pods-EFI.debug.xcconfig"; path = "Pods/Target Support Files/Pods-EFI/Pods-EFI.debug.xcconfig"; sourceTree = "<group>"; };
		54F8C5C1FD8F61BF74E6BFF6 /* Pods-EFI.release.xcconfig */ = {isa = PBXFileReference; includeInIndex = 1; lastKnownFileType = text.xcconfig; name = "Pods-EFI.release.xcconfig"; path = "Pods/Target Support Files/Pods-EFI/Pods-EFI.release.xcconfig"; sourceTree = "<group>"; };
		A007C37F210812E70011DB93 /* EFI.app */ = {isa = PBXFileReference; explicitFileType = wrapper.application; includeInIndex = 0; path = EFI.app; sourceTree = BUILT_PRODUCTS_DIR; };
		A007C382210812E70011DB93 /* AppDelegate.swift */ = {isa = PBXFileReference; lastKnownFileType = sourcecode.swift; path = AppDelegate.swift; sourceTree = "<group>"; };
		A007C389210812E90011DB93 /* Assets.xcassets */ = {isa = PBXFileReference; lastKnownFileType = folder.assetcatalog; path = Assets.xcassets; sourceTree = "<group>"; };
		A007C38C210812E90011DB93 /* Base */ = {isa = PBXFileReference; lastKnownFileType = file.storyboard; name = Base; path = Base.lproj/LaunchScreen.storyboard; sourceTree = "<group>"; };
		A007C38E210812E90011DB93 /* Info.plist */ = {isa = PBXFileReference; lastKnownFileType = text.plist.xml; path = Info.plist; sourceTree = "<group>"; };
		A0D9A72C210818D400979F07 /* CCTBusinessTabController.swift */ = {isa = PBXFileReference; lastKnownFileType = sourcecode.swift; path = CCTBusinessTabController.swift; sourceTree = "<group>"; };
		A0D9A7302108196300979F07 /* OfflineStorageNameFiles.swift */ = {isa = PBXFileReference; lastKnownFileType = sourcecode.swift; path = OfflineStorageNameFiles.swift; sourceTree = "<group>"; };
		A0D9A73A21081A6900979F07 /* BusinessHomeViewController.swift */ = {isa = PBXFileReference; lastKnownFileType = sourcecode.swift; path = BusinessHomeViewController.swift; sourceTree = "<group>"; };
		A0D9A73C21081AA000979F07 /* Con100tNTService.swift */ = {isa = PBXFileReference; lastKnownFileType = sourcecode.swift; path = Con100tNTService.swift; sourceTree = "<group>"; };
		A0D9A7CC2108209700979F07 /* BusinessHomeNode.swift */ = {isa = PBXFileReference; lastKnownFileType = sourcecode.swift; path = BusinessHomeNode.swift; sourceTree = "<group>"; };
		A0D9A7CE210820FC00979F07 /* PaymentStatusNode.swift */ = {isa = PBXFileReference; lastKnownFileType = sourcecode.swift; path = PaymentStatusNode.swift; sourceTree = "<group>"; };
		A0D9A7D12108214000979F07 /* CCTNode.swift */ = {isa = PBXFileReference; lastKnownFileType = sourcecode.swift; path = CCTNode.swift; sourceTree = "<group>"; };
		A0D9A7D32108217900979F07 /* CTTTextNode.swift */ = {isa = PBXFileReference; lastKnownFileType = sourcecode.swift; path = CTTTextNode.swift; sourceTree = "<group>"; };
		A0D9A7D6210821AC00979F07 /* UIColor.swift */ = {isa = PBXFileReference; lastKnownFileType = sourcecode.swift; path = UIColor.swift; sourceTree = "<group>"; };
		A0D9A7D8210821F900979F07 /* CCTBorderButton.swift */ = {isa = PBXFileReference; lastKnownFileType = sourcecode.swift; path = CCTBorderButton.swift; sourceTree = "<group>"; };
		A0D9A7DB2108222F00979F07 /* CCTTitleValueHorizontalStack.swift */ = {isa = PBXFileReference; lastKnownFileType = sourcecode.swift; path = CCTTitleValueHorizontalStack.swift; sourceTree = "<group>"; };
		A0D9A7DD2108228700979F07 /* LocalizationNode.swift */ = {isa = PBXFileReference; lastKnownFileType = sourcecode.swift; path = LocalizationNode.swift; sourceTree = "<group>"; };
		A0D9A7DF210822EF00979F07 /* BusinessEnergyConsumptionNode.swift */ = {isa = PBXFileReference; lastKnownFileType = sourcecode.swift; path = BusinessEnergyConsumptionNode.swift; sourceTree = "<group>"; };
		A0D9A7E12108231700979F07 /* BasicConsumptionNode.swift */ = {isa = PBXFileReference; lastKnownFileType = sourcecode.swift; path = BasicConsumptionNode.swift; sourceTree = "<group>"; };
		A0D9A7E32108235C00979F07 /* IntermediateConsumptionNode.swift */ = {isa = PBXFileReference; lastKnownFileType = sourcecode.swift; path = IntermediateConsumptionNode.swift; sourceTree = "<group>"; };
		A0D9A7E52108237C00979F07 /* TopConsumptionNode.swift */ = {isa = PBXFileReference; lastKnownFileType = sourcecode.swift; path = TopConsumptionNode.swift; sourceTree = "<group>"; };
		A0D9A7E7210823A900979F07 /* TotalConsumptionNode.swift */ = {isa = PBXFileReference; lastKnownFileType = sourcecode.swift; path = TotalConsumptionNode.swift; sourceTree = "<group>"; };
		D3D6FCD2882FAFCA6EB8FBDA /* Pods_EFI.framework */ = {isa = PBXFileReference; explicitFileType = wrapper.framework; includeInIndex = 0; path = Pods_EFI.framework; sourceTree = BUILT_PRODUCTS_DIR; };
/* End PBXFileReference section */

/* Begin PBXFrameworksBuildPhase section */
		A007C37C210812E70011DB93 /* Frameworks */ = {
			isa = PBXFrameworksBuildPhase;
			buildActionMask = 2147483647;
			files = (
				0BDC5C2D01830097CF64F567 /* Pods_EFI.framework in Frameworks */,
			);
			runOnlyForDeploymentPostprocessing = 0;
		};
/* End PBXFrameworksBuildPhase section */

/* Begin PBXGroup section */
		224531BDEA65A4D0B65E2083 /* Frameworks */ = {
			isa = PBXGroup;
			children = (
				D3D6FCD2882FAFCA6EB8FBDA /* Pods_EFI.framework */,
			);
			name = Frameworks;
			sourceTree = "<group>";
		};
		2C724E790CC246D060927789 /* Pods */ = {
			isa = PBXGroup;
			children = (
				071BACF4C564F5C3D3E2CED5 /* Pods-EFI.debug.xcconfig */,
				54F8C5C1FD8F61BF74E6BFF6 /* Pods-EFI.release.xcconfig */,
			);
			name = Pods;
			sourceTree = "<group>";
		};
		A007C376210812E70011DB93 = {
			isa = PBXGroup;
			children = (
				A007C381210812E70011DB93 /* EFI */,
				A007C380210812E70011DB93 /* Products */,
				2C724E790CC246D060927789 /* Pods */,
				224531BDEA65A4D0B65E2083 /* Frameworks */,
			);
			sourceTree = "<group>";
		};
		A007C380210812E70011DB93 /* Products */ = {
			isa = PBXGroup;
			children = (
				A007C37F210812E70011DB93 /* EFI.app */,
			);
			name = Products;
			sourceTree = "<group>";
		};
		A007C381210812E70011DB93 /* EFI */ = {
			isa = PBXGroup;
			children = (
				A0D9A7DA2108221500979F07 /* LayoutSpecs */,
				A0D9A7D52108219E00979F07 /* Extensions */,
				A0D9A7D02108213000979F07 /* Nodes */,
				A0D9A73921081A5800979F07 /* BusinessHome */,
				A0D9A732210819A100979F07 /* Models */,
				A0D9A72E210818D800979F07 /* CCTBusinessTabController */,
				A0D9A72F2108194E00979F07 /* Enums */,
				A007C382210812E70011DB93 /* AppDelegate.swift */,
				A007C389210812E90011DB93 /* Assets.xcassets */,
				A007C38B210812E90011DB93 /* LaunchScreen.storyboard */,
				A007C38E210812E90011DB93 /* Info.plist */,
				A0D9A73C21081AA000979F07 /* Con100tNTService.swift */,
			);
			path = EFI;
			sourceTree = "<group>";
		};
		A0D9A72E210818D800979F07 /* CCTBusinessTabController */ = {
			isa = PBXGroup;
			children = (
				A0D9A72C210818D400979F07 /* CCTBusinessTabController.swift */,
			);
			path = CCTBusinessTabController;
			sourceTree = "<group>";
		};
		A0D9A72F2108194E00979F07 /* Enums */ = {
			isa = PBXGroup;
			children = (
				A0D9A7302108196300979F07 /* OfflineStorageNameFiles.swift */,
			);
			path = Enums;
			sourceTree = "<group>";
		};
		A0D9A732210819A100979F07 /* Models */ = {
			isa = PBXGroup;
			children = (
			);
			path = Models;
			sourceTree = "<group>";
		};
		A0D9A73921081A5800979F07 /* BusinessHome */ = {
			isa = PBXGroup;
			children = (
				A0D9A7CB2108205500979F07 /* Nodes */,
				A0D9A73A21081A6900979F07 /* BusinessHomeViewController.swift */,
			);
			path = BusinessHome;
			sourceTree = "<group>";
		};
		A0D9A7CB2108205500979F07 /* Nodes */ = {
			isa = PBXGroup;
			children = (
				A0D9A7CC2108209700979F07 /* BusinessHomeNode.swift */,
				A0D9A7CE210820FC00979F07 /* PaymentStatusNode.swift */,
				A0D9A7DD2108228700979F07 /* LocalizationNode.swift */,
				A0D9A7DF210822EF00979F07 /* BusinessEnergyConsumptionNode.swift */,
				A0D9A7E12108231700979F07 /* BasicConsumptionNode.swift */,
				A0D9A7E32108235C00979F07 /* IntermediateConsumptionNode.swift */,
				A0D9A7E52108237C00979F07 /* TopConsumptionNode.swift */,
				A0D9A7E7210823A900979F07 /* TotalConsumptionNode.swift */,
			);
			path = Nodes;
			sourceTree = "<group>";
		};
		A0D9A7D02108213000979F07 /* Nodes */ = {
			isa = PBXGroup;
			children = (
				A0D9A7D12108214000979F07 /* CCTNode.swift */,
				A0D9A7D32108217900979F07 /* CTTTextNode.swift */,
				A0D9A7D8210821F900979F07 /* CCTBorderButton.swift */,
			);
			path = Nodes;
			sourceTree = "<group>";
		};
		A0D9A7D52108219E00979F07 /* Extensions */ = {
			isa = PBXGroup;
			children = (
				A0D9A7D6210821AC00979F07 /* UIColor.swift */,
			);
			path = Extensions;
			sourceTree = "<group>";
		};
		A0D9A7DA2108221500979F07 /* LayoutSpecs */ = {
			isa = PBXGroup;
			children = (
				A0D9A7DB2108222F00979F07 /* CCTTitleValueHorizontalStack.swift */,
			);
			path = LayoutSpecs;
			sourceTree = "<group>";
		};
/* End PBXGroup section */

/* Begin PBXNativeTarget section */
		A007C37E210812E70011DB93 /* EFI */ = {
			isa = PBXNativeTarget;
			buildConfigurationList = A007C391210812E90011DB93 /* Build configuration list for PBXNativeTarget "EFI" */;
			buildPhases = (
				C72D35AE33B39D7BA7B93A82 /* [CP] Check Pods Manifest.lock */,
				A007C37B210812E70011DB93 /* Sources */,
				A007C37C210812E70011DB93 /* Frameworks */,
				A007C37D210812E70011DB93 /* Resources */,
				EDB442B7EABF9B51A8C41F82 /* [CP] Embed Pods Frameworks */,
			);
			buildRules = (
			);
			dependencies = (
			);
			name = EFI;
			productName = EFI;
			productReference = A007C37F210812E70011DB93 /* EFI.app */;
			productType = "com.apple.product-type.application";
		};
/* End PBXNativeTarget section */

/* Begin PBXProject section */
		A007C377210812E70011DB93 /* Project object */ = {
			isa = PBXProject;
			attributes = {
				LastSwiftUpdateCheck = 0940;
				LastUpgradeCheck = 0940;
				ORGANIZATIONNAME = "LUIS ENRIQUE MEDINA GALVAN";
				TargetAttributes = {
					A007C37E210812E70011DB93 = {
						CreatedOnToolsVersion = 9.4.1;
					};
				};
			};
			buildConfigurationList = A007C37A210812E70011DB93 /* Build configuration list for PBXProject "EFI" */;
			compatibilityVersion = "Xcode 9.3";
			developmentRegion = en;
			hasScannedForEncodings = 0;
			knownRegions = (
				en,
				Base,
			);
			mainGroup = A007C376210812E70011DB93;
			productRefGroup = A007C380210812E70011DB93 /* Products */;
			projectDirPath = "";
			projectRoot = "";
			targets = (
				A007C37E210812E70011DB93 /* EFI */,
			);
		};
/* End PBXProject section */

/* Begin PBXResourcesBuildPhase section */
		A007C37D210812E70011DB93 /* Resources */ = {
			isa = PBXResourcesBuildPhase;
			buildActionMask = 2147483647;
			files = (
				A007C38D210812E90011DB93 /* LaunchScreen.storyboard in Resources */,
				A007C38A210812E90011DB93 /* Assets.xcassets in Resources */,
			);
			runOnlyForDeploymentPostprocessing = 0;
		};
/* End PBXResourcesBuildPhase section */

/* Begin PBXShellScriptBuildPhase section */
		C72D35AE33B39D7BA7B93A82 /* [CP] Check Pods Manifest.lock */ = {
			isa = PBXShellScriptBuildPhase;
			buildActionMask = 2147483647;
			files = (
			);
			inputPaths = (
				"${PODS_PODFILE_DIR_PATH}/Podfile.lock",
				"${PODS_ROOT}/Manifest.lock",
			);
			name = "[CP] Check Pods Manifest.lock";
			outputPaths = (
				"$(DERIVED_FILE_DIR)/Pods-EFI-checkManifestLockResult.txt",
			);
			runOnlyForDeploymentPostprocessing = 0;
			shellPath = /bin/sh;
			shellScript = "diff \"${PODS_PODFILE_DIR_PATH}/Podfile.lock\" \"${PODS_ROOT}/Manifest.lock\" > /dev/null\nif [ $? != 0 ] ; then\n    # print error to STDERR\n    echo \"error: The sandbox is not in sync with the Podfile.lock. Run 'pod install' or update your CocoaPods installation.\" >&2\n    exit 1\nfi\n# This output is used by Xcode 'outputs' to avoid re-running this script phase.\necho \"SUCCESS\" > \"${SCRIPT_OUTPUT_FILE_0}\"\n";
			showEnvVarsInLog = 0;
		};
		EDB442B7EABF9B51A8C41F82 /* [CP] Embed Pods Frameworks */ = {
			isa = PBXShellScriptBuildPhase;
			buildActionMask = 2147483647;
			files = (
			);
			inputPaths = (
				"${SRCROOT}/Pods/Target Support Files/Pods-EFI/Pods-EFI-frameworks.sh",
				"${BUILT_PRODUCTS_DIR}/Charts/Charts.framework",
				"${BUILT_PRODUCTS_DIR}/Disk/Disk.framework",
				"${BUILT_PRODUCTS_DIR}/FSCalendar/FSCalendar.framework",
				"${BUILT_PRODUCTS_DIR}/Fakery/Fakery.framework",
				"${BUILT_PRODUCTS_DIR}/FlexibleGauge/FlexibleGauge.framework",
				"${BUILT_PRODUCTS_DIR}/IQKeyboardManagerSwift/IQKeyboardManagerSwift.framework",
				"${BUILT_PRODUCTS_DIR}/PINCache/PINCache.framework",
				"${BUILT_PRODUCTS_DIR}/PINOperation/PINOperation.framework",
				"${BUILT_PRODUCTS_DIR}/PINRemoteImage/PINRemoteImage.framework",
				"${BUILT_PRODUCTS_DIR}/ReachabilitySwift/Reachability.framework",
				"${BUILT_PRODUCTS_DIR}/StatusAlert/StatusAlert.framework",
				"${BUILT_PRODUCTS_DIR}/Texture/AsyncDisplayKit.framework",
			);
			name = "[CP] Embed Pods Frameworks";
			outputPaths = (
				"${TARGET_BUILD_DIR}/${FRAMEWORKS_FOLDER_PATH}/Charts.framework",
				"${TARGET_BUILD_DIR}/${FRAMEWORKS_FOLDER_PATH}/Disk.framework",
				"${TARGET_BUILD_DIR}/${FRAMEWORKS_FOLDER_PATH}/FSCalendar.framework",
				"${TARGET_BUILD_DIR}/${FRAMEWORKS_FOLDER_PATH}/Fakery.framework",
				"${TARGET_BUILD_DIR}/${FRAMEWORKS_FOLDER_PATH}/FlexibleGauge.framework",
				"${TARGET_BUILD_DIR}/${FRAMEWORKS_FOLDER_PATH}/IQKeyboardManagerSwift.framework",
				"${TARGET_BUILD_DIR}/${FRAMEWORKS_FOLDER_PATH}/PINCache.framework",
				"${TARGET_BUILD_DIR}/${FRAMEWORKS_FOLDER_PATH}/PINOperation.framework",
				"${TARGET_BUILD_DIR}/${FRAMEWORKS_FOLDER_PATH}/PINRemoteImage.framework",
				"${TARGET_BUILD_DIR}/${FRAMEWORKS_FOLDER_PATH}/Reachability.framework",
				"${TARGET_BUILD_DIR}/${FRAMEWORKS_FOLDER_PATH}/StatusAlert.framework",
				"${TARGET_BUILD_DIR}/${FRAMEWORKS_FOLDER_PATH}/AsyncDisplayKit.framework",
			);
			runOnlyForDeploymentPostprocessing = 0;
			shellPath = /bin/sh;
			shellScript = "\"${SRCROOT}/Pods/Target Support Files/Pods-EFI/Pods-EFI-frameworks.sh\"\n";
			showEnvVarsInLog = 0;
		};
/* End PBXShellScriptBuildPhase section */

/* Begin PBXSourcesBuildPhase section */
		A007C37B210812E70011DB93 /* Sources */ = {
			isa = PBXSourcesBuildPhase;
			buildActionMask = 2147483647;
			files = (
				A0D9A7D22108214000979F07 /* CCTNode.swift in Sources */,
				A0D9A7CD2108209700979F07 /* BusinessHomeNode.swift in Sources */,
				A0D9A73D21081AA000979F07 /* Con100tNTService.swift in Sources */,
				A0D9A7CF210820FC00979F07 /* PaymentStatusNode.swift in Sources */,
				A0D9A7E42108235C00979F07 /* IntermediateConsumptionNode.swift in Sources */,
				A0D9A7312108196300979F07 /* OfflineStorageNameFiles.swift in Sources */,
				A0D9A7E8210823A900979F07 /* TotalConsumptionNode.swift in Sources */,
				A0D9A7E0210822EF00979F07 /* BusinessEnergyConsumptionNode.swift in Sources */,
				A0D9A7E22108231700979F07 /* BasicConsumptionNode.swift in Sources */,
				A0D9A7D9210821F900979F07 /* CCTBorderButton.swift in Sources */,
				A0D9A7D42108217900979F07 /* CTTTextNode.swift in Sources */,
				A007C383210812E70011DB93 /* AppDelegate.swift in Sources */,
				A0D9A73B21081A6900979F07 /* BusinessHomeViewController.swift in Sources */,
				A0D9A7DE2108228700979F07 /* LocalizationNode.swift in Sources */,
				A0D9A7E62108237C00979F07 /* TopConsumptionNode.swift in Sources */,
				A0D9A72D210818D400979F07 /* CCTBusinessTabController.swift in Sources */,
				A0D9A7DC2108222F00979F07 /* CCTTitleValueHorizontalStack.swift in Sources */,
				A0D9A7D7210821AC00979F07 /* UIColor.swift in Sources */,
			);
			runOnlyForDeploymentPostprocessing = 0;
		};
/* End PBXSourcesBuildPhase section */

/* Begin PBXVariantGroup section */
		A007C38B210812E90011DB93 /* LaunchScreen.storyboard */ = {
			isa = PBXVariantGroup;
			children = (
				A007C38C210812E90011DB93 /* Base */,
			);
			name = LaunchScreen.storyboard;
			sourceTree = "<group>";
		};
/* End PBXVariantGroup section */

/* Begin XCBuildConfiguration section */
		A007C38F210812E90011DB93 /* Debug */ = {
			isa = XCBuildConfiguration;
			buildSettings = {
				ALWAYS_SEARCH_USER_PATHS = NO;
				CLANG_ANALYZER_NONNULL = YES;
				CLANG_ANALYZER_NUMBER_OBJECT_CONVERSION = YES_AGGRESSIVE;
				CLANG_CXX_LANGUAGE_STANDARD = "gnu++14";
				CLANG_CXX_LIBRARY = "libc++";
				CLANG_ENABLE_MODULES = YES;
				CLANG_ENABLE_OBJC_ARC = YES;
				CLANG_ENABLE_OBJC_WEAK = YES;
				CLANG_WARN_BLOCK_CAPTURE_AUTORELEASING = YES;
				CLANG_WARN_BOOL_CONVERSION = YES;
				CLANG_WARN_COMMA = YES;
				CLANG_WARN_CONSTANT_CONVERSION = YES;
				CLANG_WARN_DEPRECATED_OBJC_IMPLEMENTATIONS = YES;
				CLANG_WARN_DIRECT_OBJC_ISA_USAGE = YES_ERROR;
				CLANG_WARN_DOCUMENTATION_COMMENTS = YES;
				CLANG_WARN_EMPTY_BODY = YES;
				CLANG_WARN_ENUM_CONVERSION = YES;
				CLANG_WARN_INFINITE_RECURSION = YES;
				CLANG_WARN_INT_CONVERSION = YES;
				CLANG_WARN_NON_LITERAL_NULL_CONVERSION = YES;
				CLANG_WARN_OBJC_IMPLICIT_RETAIN_SELF = YES;
				CLANG_WARN_OBJC_LITERAL_CONVERSION = YES;
				CLANG_WARN_OBJC_ROOT_CLASS = YES_ERROR;
				CLANG_WARN_RANGE_LOOP_ANALYSIS = YES;
				CLANG_WARN_STRICT_PROTOTYPES = YES;
				CLANG_WARN_SUSPICIOUS_MOVE = YES;
				CLANG_WARN_UNGUARDED_AVAILABILITY = YES_AGGRESSIVE;
				CLANG_WARN_UNREACHABLE_CODE = YES;
				CLANG_WARN__DUPLICATE_METHOD_MATCH = YES;
				CODE_SIGN_IDENTITY = "iPhone Developer";
				COPY_PHASE_STRIP = NO;
				DEBUG_INFORMATION_FORMAT = dwarf;
				ENABLE_STRICT_OBJC_MSGSEND = YES;
				ENABLE_TESTABILITY = YES;
				GCC_C_LANGUAGE_STANDARD = gnu11;
				GCC_DYNAMIC_NO_PIC = NO;
				GCC_NO_COMMON_BLOCKS = YES;
				GCC_OPTIMIZATION_LEVEL = 0;
				GCC_PREPROCESSOR_DEFINITIONS = (
					"DEBUG=1",
					"$(inherited)",
				);
				GCC_WARN_64_TO_32_BIT_CONVERSION = YES;
				GCC_WARN_ABOUT_RETURN_TYPE = YES_ERROR;
				GCC_WARN_UNDECLARED_SELECTOR = YES;
				GCC_WARN_UNINITIALIZED_AUTOS = YES_AGGRESSIVE;
				GCC_WARN_UNUSED_FUNCTION = YES;
				GCC_WARN_UNUSED_VARIABLE = YES;
				IPHONEOS_DEPLOYMENT_TARGET = 11.4;
				MTL_ENABLE_DEBUG_INFO = YES;
				ONLY_ACTIVE_ARCH = YES;
				SDKROOT = iphoneos;
				SWIFT_ACTIVE_COMPILATION_CONDITIONS = DEBUG;
				SWIFT_OPTIMIZATION_LEVEL = "-Onone";
			};
			name = Debug;
		};
		A007C390210812E90011DB93 /* Release */ = {
			isa = XCBuildConfiguration;
			buildSettings = {
				ALWAYS_SEARCH_USER_PATHS = NO;
				CLANG_ANALYZER_NONNULL = YES;
				CLANG_ANALYZER_NUMBER_OBJECT_CONVERSION = YES_AGGRESSIVE;
				CLANG_CXX_LANGUAGE_STANDARD = "gnu++14";
				CLANG_CXX_LIBRARY = "libc++";
				CLANG_ENABLE_MODULES = YES;
				CLANG_ENABLE_OBJC_ARC = YES;
				CLANG_ENABLE_OBJC_WEAK = YES;
				CLANG_WARN_BLOCK_CAPTURE_AUTORELEASING = YES;
				CLANG_WARN_BOOL_CONVERSION = YES;
				CLANG_WARN_COMMA = YES;
				CLANG_WARN_CONSTANT_CONVERSION = YES;
				CLANG_WARN_DEPRECATED_OBJC_IMPLEMENTATIONS = YES;
				CLANG_WARN_DIRECT_OBJC_ISA_USAGE = YES_ERROR;
				CLANG_WARN_DOCUMENTATION_COMMENTS = YES;
				CLANG_WARN_EMPTY_BODY = YES;
				CLANG_WARN_ENUM_CONVERSION = YES;
				CLANG_WARN_INFINITE_RECURSION = YES;
				CLANG_WARN_INT_CONVERSION = YES;
				CLANG_WARN_NON_LITERAL_NULL_CONVERSION = YES;
				CLANG_WARN_OBJC_IMPLICIT_RETAIN_SELF = YES;
				CLANG_WARN_OBJC_LITERAL_CONVERSION = YES;
				CLANG_WARN_OBJC_ROOT_CLASS = YES_ERROR;
				CLANG_WARN_RANGE_LOOP_ANALYSIS = YES;
				CLANG_WARN_STRICT_PROTOTYPES = YES;
				CLANG_WARN_SUSPICIOUS_MOVE = YES;
				CLANG_WARN_UNGUARDED_AVAILABILITY = YES_AGGRESSIVE;
				CLANG_WARN_UNREACHABLE_CODE = YES;
				CLANG_WARN__DUPLICATE_METHOD_MATCH = YES;
				CODE_SIGN_IDENTITY = "iPhone Developer";
				COPY_PHASE_STRIP = NO;
				DEBUG_INFORMATION_FORMAT = "dwarf-with-dsym";
				ENABLE_NS_ASSERTIONS = NO;
				ENABLE_STRICT_OBJC_MSGSEND = YES;
				GCC_C_LANGUAGE_STANDARD = gnu11;
				GCC_NO_COMMON_BLOCKS = YES;
				GCC_WARN_64_TO_32_BIT_CONVERSION = YES;
				GCC_WARN_ABOUT_RETURN_TYPE = YES_ERROR;
				GCC_WARN_UNDECLARED_SELECTOR = YES;
				GCC_WARN_UNINITIALIZED_AUTOS = YES_AGGRESSIVE;
				GCC_WARN_UNUSED_FUNCTION = YES;
				GCC_WARN_UNUSED_VARIABLE = YES;
				IPHONEOS_DEPLOYMENT_TARGET = 11.4;
				MTL_ENABLE_DEBUG_INFO = NO;
				SDKROOT = iphoneos;
				SWIFT_COMPILATION_MODE = wholemodule;
				SWIFT_OPTIMIZATION_LEVEL = "-O";
				VALIDATE_PRODUCT = YES;
			};
			name = Release;
		};
		A007C392210812E90011DB93 /* Debug */ = {
			isa = XCBuildConfiguration;
			baseConfigurationReference = 071BACF4C564F5C3D3E2CED5 /* Pods-EFI.debug.xcconfig */;
			buildSettings = {
				ASSETCATALOG_COMPILER_APPICON_NAME = AppIcon;
				CODE_SIGN_STYLE = Automatic;
				DEVELOPMENT_TEAM = GQQ3NDG4CP;
				INFOPLIST_FILE = EFI/Info.plist;
				LD_RUNPATH_SEARCH_PATHS = (
					"$(inherited)",
					"@executable_path/Frameworks",
				);
				PRODUCT_BUNDLE_IDENTIFIER = luis.caro.EFI;
				PRODUCT_NAME = "$(TARGET_NAME)";
				SWIFT_VERSION = 4.0;
				TARGETED_DEVICE_FAMILY = "1,2";
			};
			name = Debug;
		};
		A007C393210812E90011DB93 /* Release */ = {
			isa = XCBuildConfiguration;
			baseConfigurationReference = 54F8C5C1FD8F61BF74E6BFF6 /* Pods-EFI.release.xcconfig */;
			buildSettings = {
				ASSETCATALOG_COMPILER_APPICON_NAME = AppIcon;
				CODE_SIGN_STYLE = Automatic;
				DEVELOPMENT_TEAM = GQQ3NDG4CP;
				INFOPLIST_FILE = EFI/Info.plist;
				LD_RUNPATH_SEARCH_PATHS = (
					"$(inherited)",
					"@executable_path/Frameworks",
				);
				PRODUCT_BUNDLE_IDENTIFIER = luis.caro.EFI;
				PRODUCT_NAME = "$(TARGET_NAME)";
				SWIFT_VERSION = 4.0;
				TARGETED_DEVICE_FAMILY = "1,2";
			};
			name = Release;
		};
/* End XCBuildConfiguration section */

/* Begin XCConfigurationList section */
		A007C37A210812E70011DB93 /* Build configuration list for PBXProject "EFI" */ = {
			isa = XCConfigurationList;
			buildConfigurations = (
				A007C38F210812E90011DB93 /* Debug */,
				A007C390210812E90011DB93 /* Release */,
			);
			defaultConfigurationIsVisible = 0;
			defaultConfigurationName = Release;
		};
		A007C391210812E90011DB93 /* Build configuration list for PBXNativeTarget "EFI" */ = {
			isa = XCConfigurationList;
			buildConfigurations = (
				A007C392210812E90011DB93 /* Debug */,
				A007C393210812E90011DB93 /* Release */,
			);
			defaultConfigurationIsVisible = 0;
			defaultConfigurationName = Release;
		};
/* End XCConfigurationList section */
	};
	rootObject = A007C377210812E70011DB93 /* Project object */;
}
